
Microsoft Visual Studio Solution File, Format Version 11.00
# Visual Studio 2012
Project("{8BC9CEB8-8B4A-11D0-8D11-00A0C91BC942}") = "3d", "3d.vcxproj", "{D5E5C327-1286-4DA0-8C95-EEE048AE6C53}"
EndProject
Project("{8BC9CEB8-8B4A-11D0-8D11-00A0C91BC942}") = "asyncio", "asyncio.vcxproj", "{D24BA19D-0B2A-4A3E-AEF1-3DF9E6ED2647}"
EndProject
Project("{8BC9CEB8-8B4A-11D0-8D11-00A0C91BC942}") = "channel_groups", "channel_groups.vcxproj", "{C2EA63CB-8781-4CF2-A8B0-07DE7FA1B062}"
EndProject
Project("{8BC9CEB8-8B4A-11D0-8D11-00A0C91BC942}") = "convolution_reverb", "convolution_reverb.vcxproj", "{52DA9924-BD1E-4F3D-A11F-C486DC6A90DF}"
EndProject
Project("{8BC9CEB8-8B4A-11D0-8D11-00A0C91BC942}") = "dsp_custom", "dsp_custom.vcxproj", "{28C6CDE1-5036-46F8-8554-9699564889CE}"
EndProject
Project("{8BC9CEB8-8B4A-11D0-8D11-00A0C91BC942}") = "dsp_effect_per_speaker", "dsp_effect_per_speaker.vcxproj", "{3984180D-A63E-412A-ABC5-7A5E159B8B15}"
EndProject
Project("{8BC9CEB8-8B4A-11D0-8D11-00A0C91BC942}") = "dsp_inspector", "dsp_inspector.vcxproj", "{C8F1024C-9E5B-4F5F-AA44-497DC7D8CCF5}"
EndProject
Project("{8BC9CEB8-8B4A-11D0-8D11-00A0C91BC942}") = "effects", "effects.vcxproj", "{2CEA6DB1-BED8-420E-BC57-A076A076CE9B}"
EndProject
Project("{8BC9CEB8-8B4A-11D0-8D11-00A0C91BC942}") = "gapless_playback", "gapless_playback.vcxproj", "{98B66FFE-D906-4910-BD64-06246EFA1456}"
EndProject
Project("{8BC9CEB8-8B4A-11D0-8D11-00A0C91BC942}") = "generate_tone", "generate_tone.vcxproj", "{C63ED549-B427-48D3-A9E5-F664B21EA848}"
EndProject
Project("{8BC9CEB8-8B4A-11D0-8D11-00A0C91BC942}") = "granular_synth", "granular_synth.vcxproj", "{4355B130-A762-4953-BFB1-5386BC11210F}"
EndProject
Project("{8BC9CEB8-8B4A-11D0-8D11-00A0C91BC942}") = "load_from_memory", "load_from_memory.vcxproj", "{6FA3F686-6041-49E3-A2CB-A159DC9941E7}"
EndProject
Project("{8BC9CEB8-8B4A-11D0-8D11-00A0C91BC942}") = "multiple_speaker", "multiple_speaker.vcxproj", "{5A88F649-4333-479A-B83F-4267623DF043}"
EndProject
Project("{8BC9CEB8-8B4A-11D0-8D11-00A0C91BC942}") = "multiple_system", "multiple_system.vcxproj", "{5CF4ABC5-1BCB-4352-B09F-4C067DB0840B}"
EndProject
Project("{8BC9CEB8-8B4A-11D0-8D11-00A0C91BC942}") = "net_stream", "net_stream.vcxproj", "{3E07FDD9-A2AF-47A3-BD1D-8C22A1DC269D}"
EndProject
Project("{8BC9CEB8-8B4A-11D0-8D11-00A0C91BC942}") = "play_sound", "play_sound.vcxproj", "{2A550E68-4FCE-40AA-AFB3-8D4B7357ED28}"
EndProject
Project("{8BC9CEB8-8B4A-11D0-8D11-00A0C91BC942}") = "play_stream", "play_stream.vcxproj", "{0E2E9D3D-0117-4833-B60D-C77EA708BE60}"
EndProject
Project("{8BC9CEB8-8B4A-11D0-8D11-00A0C91BC942}") = "record", "record.vcxproj", "{382B9565-97EE-4FE9-A4E3-35745DCE2F92}"
EndProject
Project("{8BC9CEB8-8B4A-11D0-8D11-00A0C91BC942}") = "record_enumeration", "record_enumeration.vcxproj", "{E2ED8F4A-C564-434B-A812-205570A76CF3}"
EndProject
Project("{8BC9CEB8-8B4A-11D0-8D11-00A0C91BC942}") = "user_created_sound", "user_created_sound.vcxproj", "{E633B202-D2CB-4DD6-8C2D-737738A1C24F}"
EndProject
Project("{8BC9CEB8-8B4A-11D0-8D11-00A0C91BC942}") = "fmod_codec_raw", "fmod_codec_raw.vcxproj", "{8B4E9185-F5ED-449C-8E34-2395C86BB1D1}"
EndProject
Project("{8BC9CEB8-8B4A-11D0-8D11-00A0C91BC942}") = "fmod_distance_filter", "fmod_distance_filter.vcxproj", "{E2F74A4B-8AB8-4518-8618-EC1B0D462013}"
EndProject
Project("{8BC9CEB8-8B4A-11D0-8D11-00A0C91BC942}") = "fmod_gain", "fmod_gain.vcxproj", "{BDCEBB63-2157-405F-9ECA-710514FB75CB}"
EndProject
Project("{8BC9CEB8-8B4A-11D0-8D11-00A0C91BC942}") = "fmod_noise", "fmod_noise.vcxproj", "{8ADE2608-49B2-4EDE-8ADB-C0833EB30E9C}"
EndProject
Project("{8BC9CEB8-8B4A-11D0-8D11-00A0C91BC942}") = "output_mp3", "output_mp3.vcxproj", "{B04AC821-178F-49F1-8A53-7B568A2FD489}"
EndProject
Global
	GlobalSection(SolutionConfigurationPlatforms) = preSolution
		Debug|Win32 = Debug|Win32
		Debug|x64 = Debug|x64
		Release|Win32 = Release|Win32
		Release|x64 = Release|x64
	EndGlobalSection
	GlobalSection(ProjectConfigurationPlatforms) = postSolution
		{D5E5C327-1286-4DA0-8C95-EEE048AE6C53}.Debug|Win32.ActiveCfg = Debug|Win32
		{D5E5C327-1286-4DA0-8C95-EEE048AE6C53}.Debug|Win32.Build.0 = Debug|Win32
		{D5E5C327-1286-4DA0-8C95-EEE048AE6C53}.Debug|Win32.Deploy.0 = Debug|Win32
		{D5E5C327-1286-4DA0-8C95-EEE048AE6C53}.Debug|x64.ActiveCfg = Debug|x64
		{D5E5C327-1286-4DA0-8C95-EEE048AE6C53}.Debug|x64.Build.0 = Debug|x64
		{D5E5C327-1286-4DA0-8C95-EEE048AE6C53}.Debug|x64.Deploy.0 = Debug|x64
		{D5E5C327-1286-4DA0-8C95-EEE048AE6C53}.Release|Win32.ActiveCfg = Release|Win32
		{D5E5C327-1286-4DA0-8C95-EEE048AE6C53}.Release|Win32.Build.0 = Release|Win32
		{D5E5C327-1286-4DA0-8C95-EEE048AE6C53}.Release|Win32.Deploy.0 = Release|Win32
		{D5E5C327-1286-4DA0-8C95-EEE048AE6C53}.Release|x64.ActiveCfg = Release|x64
		{D5E5C327-1286-4DA0-8C95-EEE048AE6C53}.Release|x64.Build.0 = Release|x64
		{D5E5C327-1286-4DA0-8C95-EEE048AE6C53}.Release|x64.Deploy.0 = Release|x64
		{D24BA19D-0B2A-4A3E-AEF1-3DF9E6ED2647}.Debug|Win32.ActiveCfg = Debug|Win32
		{D24BA19D-0B2A-4A3E-AEF1-3DF9E6ED2647}.Debug|Win32.Build.0 = Debug|Win32
		{D24BA19D-0B2A-4A3E-AEF1-3DF9E6ED2647}.Debug|Win32.Deploy.0 = Debug|Win32
		{D24BA19D-0B2A-4A3E-AEF1-3DF9E6ED2647}.Debug|x64.ActiveCfg = Debug|x64
		{D24BA19D-0B2A-4A3E-AEF1-3DF9E6ED2647}.Debug|x64.Build.0 = Debug|x64
		{D24BA19D-0B2A-4A3E-AEF1-3DF9E6ED2647}.Debug|x64.Deploy.0 = Debug|x64
		{D24BA19D-0B2A-4A3E-AEF1-3DF9E6ED2647}.Release|Win32.ActiveCfg = Release|Win32
		{D24BA19D-0B2A-4A3E-AEF1-3DF9E6ED2647}.Release|Win32.Build.0 = Release|Win32
		{D24BA19D-0B2A-4A3E-AEF1-3DF9E6ED2647}.Release|Win32.Deploy.0 = Release|Win32
		{D24BA19D-0B2A-4A3E-AEF1-3DF9E6ED2647}.Release|x64.ActiveCfg = Release|x64
		{D24BA19D-0B2A-4A3E-AEF1-3DF9E6ED2647}.Release|x64.Build.0 = Release|x64
		{D24BA19D-0B2A-4A3E-AEF1-3DF9E6ED2647}.Release|x64.Deploy.0 = Release|x64
		{C2EA63CB-8781-4CF2-A8B0-07DE7FA1B062}.Debug|Win32.ActiveCfg = Debug|Win32
		{C2EA63CB-8781-4CF2-A8B0-07DE7FA1B062}.Debug|Win32.Build.0 = Debug|Win32
		{C2EA63CB-8781-4CF2-A8B0-07DE7FA1B062}.Debug|Win32.Deploy.0 = Debug|Win32
		{C2EA63CB-8781-4CF2-A8B0-07DE7FA1B062}.Debug|x64.ActiveCfg = Debug|x64
		{C2EA63CB-8781-4CF2-A8B0-07DE7FA1B062}.Debug|x64.Build.0 = Debug|x64
		{C2EA63CB-8781-4CF2-A8B0-07DE7FA1B062}.Debug|x64.Deploy.0 = Debug|x64
		{C2EA63CB-8781-4CF2-A8B0-07DE7FA1B062}.Release|Win32.ActiveCfg = Release|Win32
		{C2EA63CB-8781-4CF2-A8B0-07DE7FA1B062}.Release|Win32.Build.0 = Release|Win32
		{C2EA63CB-8781-4CF2-A8B0-07DE7FA1B062}.Release|Win32.Deploy.0 = Release|Win32
		{C2EA63CB-8781-4CF2-A8B0-07DE7FA1B062}.Release|x64.ActiveCfg = Release|x64
		{C2EA63CB-8781-4CF2-A8B0-07DE7FA1B062}.Release|x64.Build.0 = Release|x64
		{C2EA63CB-8781-4CF2-A8B0-07DE7FA1B062}.Release|x64.Deploy.0 = Release|x64
		{52DA9924-BD1E-4F3D-A11F-C486DC6A90DF}.Debug|Win32.ActiveCfg = Debug|Win32
		{52DA9924-BD1E-4F3D-A11F-C486DC6A90DF}.Debug|Win32.Build.0 = Debug|Win32
		{52DA9924-BD1E-4F3D-A11F-C486DC6A90DF}.Debug|Win32.Deploy.0 = Debug|Win32
		{52DA9924-BD1E-4F3D-A11F-C486DC6A90DF}.Debug|x64.ActiveCfg = Debug|x64
		{52DA9924-BD1E-4F3D-A11F-C486DC6A90DF}.Debug|x64.Build.0 = Debug|x64
		{52DA9924-BD1E-4F3D-A11F-C486DC6A90DF}.Debug|x64.Deploy.0 = Debug|x64
		{52DA9924-BD1E-4F3D-A11F-C486DC6A90DF}.Release|Win32.ActiveCfg = Release|Win32
		{52DA9924-BD1E-4F3D-A11F-C486DC6A90DF}.Release|Win32.Build.0 = Release|Win32
		{52DA9924-BD1E-4F3D-A11F-C486DC6A90DF}.Release|Win32.Deploy.0 = Release|Win32
		{52DA9924-BD1E-4F3D-A11F-C486DC6A90DF}.Release|x64.ActiveCfg = Release|x64
		{52DA9924-BD1E-4F3D-A11F-C486DC6A90DF}.Release|x64.Build.0 = Release|x64
		{52DA9924-BD1E-4F3D-A11F-C486DC6A90DF}.Release|x64.Deploy.0 = Release|x64
		{28C6CDE1-5036-46F8-8554-9699564889CE}.Debug|Win32.ActiveCfg = Debug|Win32
		{28C6CDE1-5036-46F8-8554-9699564889CE}.Debug|Win32.Build.0 = Debug|Win32
		{28C6CDE1-5036-46F8-8554-9699564889CE}.Debug|Win32.Deploy.0 = Debug|Win32
		{28C6CDE1-5036-46F8-8554-9699564889CE}.Debug|x64.ActiveCfg = Debug|x64
		{28C6CDE1-5036-46F8-8554-9699564889CE}.Debug|x64.Build.0 = Debug|x64
		{28C6CDE1-5036-46F8-8554-9699564889CE}.Debug|x64.Deploy.0 = Debug|x64
		{28C6CDE1-5036-46F8-8554-9699564889CE}.Release|Win32.ActiveCfg = Release|Win32
		{28C6CDE1-5036-46F8-8554-9699564889CE}.Release|Win32.Build.0 = Release|Win32
		{28C6CDE1-5036-46F8-8554-9699564889CE}.Release|Win32.Deploy.0 = Release|Win32
		{28C6CDE1-5036-46F8-8554-9699564889CE}.Release|x64.ActiveCfg = Release|x64
		{28C6CDE1-5036-46F8-8554-9699564889CE}.Release|x64.Build.0 = Release|x64
		{28C6CDE1-5036-46F8-8554-9699564889CE}.Release|x64.Deploy.0 = Release|x64
		{3984180D-A63E-412A-ABC5-7A5E159B8B15}.Debug|Win32.ActiveCfg = Debug|Win32
		{3984180D-A63E-412A-ABC5-7A5E159B8B15}.Debug|Win32.Build.0 = Debug|Win32
		{3984180D-A63E-412A-ABC5-7A5E159B8B15}.Debug|Win32.Deploy.0 = Debug|Win32
		{3984180D-A63E-412A-ABC5-7A5E159B8B15}.Debug|x64.ActiveCfg = Debug|x64
		{3984180D-A63E-412A-ABC5-7A5E159B8B15}.Debug|x64.Build.0 = Debug|x64
		{3984180D-A63E-412A-ABC5-7A5E159B8B15}.Debug|x64.Deploy.0 = Debug|x64
		{3984180D-A63E-412A-ABC5-7A5E159B8B15}.Release|Win32.ActiveCfg = Release|Win32
		{3984180D-A63E-412A-ABC5-7A5E159B8B15}.Release|Win32.Build.0 = Release|Win32
		{3984180D-A63E-412A-ABC5-7A5E159B8B15}.Release|Win32.Deploy.0 = Release|Win32
		{3984180D-A63E-412A-ABC5-7A5E159B8B15}.Release|x64.ActiveCfg = Release|x64
		{3984180D-A63E-412A-ABC5-7A5E159B8B15}.Release|x64.Build.0 = Release|x64
		{3984180D-A63E-412A-ABC5-7A5E159B8B15}.Release|x64.Deploy.0 = Release|x64
		{C8F1024C-9E5B-4F5F-AA44-497DC7D8CCF5}.Debug|Win32.ActiveCfg = Debug|Win32
		{C8F1024C-9E5B-4F5F-AA44-497DC7D8CCF5}.Debug|Win32.Build.0 = Debug|Win32
		{C8F1024C-9E5B-4F5F-AA44-497DC7D8CCF5}.Debug|Win32.Deploy.0 = Debug|Win32
		{C8F1024C-9E5B-4F5F-AA44-497DC7D8CCF5}.Debug|x64.ActiveCfg = Debug|x64
		{C8F1024C-9E5B-4F5F-AA44-497DC7D8CCF5}.Debug|x64.Build.0 = Debug|x64
		{C8F1024C-9E5B-4F5F-AA44-497DC7D8CCF5}.Debug|x64.Deploy.0 = Debug|x64
		{C8F1024C-9E5B-4F5F-AA44-497DC7D8CCF5}.Release|Win32.ActiveCfg = Release|Win32
		{C8F1024C-9E5B-4F5F-AA44-497DC7D8CCF5}.Release|Win32.Build.0 = Release|Win32
		{C8F1024C-9E5B-4F5F-AA44-497DC7D8CCF5}.Release|Win32.Deploy.0 = Release|Win32
		{C8F1024C-9E5B-4F5F-AA44-497DC7D8CCF5}.Release|x64.ActiveCfg = Release|x64
		{C8F1024C-9E5B-4F5F-AA44-497DC7D8CCF5}.Release|x64.Build.0 = Release|x64
		{C8F1024C-9E5B-4F5F-AA44-497DC7D8CCF5}.Release|x64.Deploy.0 = Release|x64
		{2CEA6DB1-BED8-420E-BC57-A076A076CE9B}.Debug|Win32.ActiveCfg = Debug|Win32
		{2CEA6DB1-BED8-420E-BC57-A076A076CE9B}.Debug|Win32.Build.0 = Debug|Win32
		{2CEA6DB1-BED8-420E-BC57-A076A076CE9B}.Debug|Win32.Deploy.0 = Debug|Win32
		{2CEA6DB1-BED8-420E-BC57-A076A076CE9B}.Debug|x64.ActiveCfg = Debug|x64
		{2CEA6DB1-BED8-420E-BC57-A076A076CE9B}.Debug|x64.Build.0 = Debug|x64
		{2CEA6DB1-BED8-420E-BC57-A076A076CE9B}.Debug|x64.Deploy.0 = Debug|x64
		{2CEA6DB1-BED8-420E-BC57-A076A076CE9B}.Release|Win32.ActiveCfg = Release|Win32
		{2CEA6DB1-BED8-420E-BC57-A076A076CE9B}.Release|Win32.Build.0 = Release|Win32
		{2CEA6DB1-BED8-420E-BC57-A076A076CE9B}.Release|Win32.Deploy.0 = Release|Win32
		{2CEA6DB1-BED8-420E-BC57-A076A076CE9B}.Release|x64.ActiveCfg = Release|x64
		{2CEA6DB1-BED8-420E-BC57-A076A076CE9B}.Release|x64.Build.0 = Release|x64
		{2CEA6DB1-BED8-420E-BC57-A076A076CE9B}.Release|x64.Deploy.0 = Release|x64
		{98B66FFE-D906-4910-BD64-06246EFA1456}.Debug|Win32.ActiveCfg = Debug|Win32
		{98B66FFE-D906-4910-BD64-06246EFA1456}.Debug|Win32.Build.0 = Debug|Win32
		{98B66FFE-D906-4910-BD64-06246EFA1456}.Debug|Win32.Deploy.0 = Debug|Win32
		{98B66FFE-D906-4910-BD64-06246EFA1456}.Debug|x64.ActiveCfg = Debug|x64
		{98B66FFE-D906-4910-BD64-06246EFA1456}.Debug|x64.Build.0 = Debug|x64
		{98B66FFE-D906-4910-BD64-06246EFA1456}.Debug|x64.Deploy.0 = Debug|x64
		{98B66FFE-D906-4910-BD64-06246EFA1456}.Release|Win32.ActiveCfg = Release|Win32
		{98B66FFE-D906-4910-BD64-06246EFA1456}.Release|Win32.Build.0 = Release|Win32
		{98B66FFE-D906-4910-BD64-06246EFA1456}.Release|Win32.Deploy.0 = Release|Win32
		{98B66FFE-D906-4910-BD64-06246EFA1456}.Release|x64.ActiveCfg = Release|x64
		{98B66FFE-D906-4910-BD64-06246EFA1456}.Release|x64.Build.0 = Release|x64
		{98B66FFE-D906-4910-BD64-06246EFA1456}.Release|x64.Deploy.0 = Release|x64
		{C63ED549-B427-48D3-A9E5-F664B21EA848}.Debug|Win32.ActiveCfg = Debug|Win32
		{C63ED549-B427-48D3-A9E5-F664B21EA848}.Debug|Win32.Build.0 = Debug|Win32
		{C63ED549-B427-48D3-A9E5-F664B21EA848}.Debug|Win32.Deploy.0 = Debug|Win32
		{C63ED549-B427-48D3-A9E5-F664B21EA848}.Debug|x64.ActiveCfg = Debug|x64
		{C63ED549-B427-48D3-A9E5-F664B21EA848}.Debug|x64.Build.0 = Debug|x64
		{C63ED549-B427-48D3-A9E5-F664B21EA848}.Debug|x64.Deploy.0 = Debug|x64
		{C63ED549-B427-48D3-A9E5-F664B21EA848}.Release|Win32.ActiveCfg = Release|Win32
		{C63ED549-B427-48D3-A9E5-F664B21EA848}.Release|Win32.Build.0 = Release|Win32
		{C63ED549-B427-48D3-A9E5-F664B21EA848}.Release|Win32.Deploy.0 = Release|Win32
		{C63ED549-B427-48D3-A9E5-F664B21EA848}.Release|x64.ActiveCfg = Release|x64
		{C63ED549-B427-48D3-A9E5-F664B21EA848}.Release|x64.Build.0 = Release|x64
		{C63ED549-B427-48D3-A9E5-F664B21EA848}.Release|x64.Deploy.0 = Release|x64
		{4355B130-A762-4953-BFB1-5386BC11210F}.Debug|Win32.ActiveCfg = Debug|Win32
		{4355B130-A762-4953-BFB1-5386BC11210F}.Debug|Win32.Build.0 = Debug|Win32
		{4355B130-A762-4953-BFB1-5386BC11210F}.Debug|Win32.Deploy.0 = Debug|Win32
		{4355B130-A762-4953-BFB1-5386BC11210F}.Debug|x64.ActiveCfg = Debug|x64
		{4355B130-A762-4953-BFB1-5386BC11210F}.Debug|x64.Build.0 = Debug|x64
		{4355B130-A762-4953-BFB1-5386BC11210F}.Debug|x64.Deploy.0 = Debug|x64
		{4355B130-A762-4953-BFB1-5386BC11210F}.Release|Win32.ActiveCfg = Release|Win32
		{4355B130-A762-4953-BFB1-5386BC11210F}.Release|Win32.Build.0 = Release|Win32
		{4355B130-A762-4953-BFB1-5386BC11210F}.Release|Win32.Deploy.0 = Release|Win32
		{4355B130-A762-4953-BFB1-5386BC11210F}.Release|x64.ActiveCfg = Release|x64
		{4355B130-A762-4953-BFB1-5386BC11210F}.Release|x64.Build.0 = Release|x64
		{4355B130-A762-4953-BFB1-5386BC11210F}.Release|x64.Deploy.0 = Release|x64
		{6FA3F686-6041-49E3-A2CB-A159DC9941E7}.Debug|Win32.ActiveCfg = Debug|Win32
		{6FA3F686-6041-49E3-A2CB-A159DC9941E7}.Debug|Win32.Build.0 = Debug|Win32
		{6FA3F686-6041-49E3-A2CB-A159DC9941E7}.Debug|Win32.Deploy.0 = Debug|Win32
		{6FA3F686-6041-49E3-A2CB-A159DC9941E7}.Debug|x64.ActiveCfg = Debug|x64
		{6FA3F686-6041-49E3-A2CB-A159DC9941E7}.Debug|x64.Build.0 = Debug|x64
		{6FA3F686-6041-49E3-A2CB-A159DC9941E7}.Debug|x64.Deploy.0 = Debug|x64
		{6FA3F686-6041-49E3-A2CB-A159DC9941E7}.Release|Win32.ActiveCfg = Release|Win32
		{6FA3F686-6041-49E3-A2CB-A159DC9941E7}.Release|Win32.Build.0 = Release|Win32
		{6FA3F686-6041-49E3-A2CB-A159DC9941E7}.Release|Win32.Deploy.0 = Release|Win32
		{6FA3F686-6041-49E3-A2CB-A159DC9941E7}.Release|x64.ActiveCfg = Release|x64
		{6FA3F686-6041-49E3-A2CB-A159DC9941E7}.Release|x64.Build.0 = Release|x64
		{6FA3F686-6041-49E3-A2CB-A159DC9941E7}.Release|x64.Deploy.0 = Release|x64
		{5A88F649-4333-479A-B83F-4267623DF043}.Debug|Win32.ActiveCfg = Debug|Win32
		{5A88F649-4333-479A-B83F-4267623DF043}.Debug|Win32.Build.0 = Debug|Win32
		{5A88F649-4333-479A-B83F-4267623DF043}.Debug|Win32.Deploy.0 = Debug|Win32
		{5A88F649-4333-479A-B83F-4267623DF043}.Debug|x64.ActiveCfg = Debug|x64
		{5A88F649-4333-479A-B83F-4267623DF043}.Debug|x64.Build.0 = Debug|x64
		{5A88F649-4333-479A-B83F-4267623DF043}.Debug|x64.Deploy.0 = Debug|x64
		{5A88F649-4333-479A-B83F-4267623DF043}.Release|Win32.ActiveCfg = Release|Win32
		{5A88F649-4333-479A-B83F-4267623DF043}.Release|Win32.Build.0 = Release|Win32
		{5A88F649-4333-479A-B83F-4267623DF043}.Release|Win32.Deploy.0 = Release|Win32
		{5A88F649-4333-479A-B83F-4267623DF043}.Release|x64.ActiveCfg = Release|x64
		{5A88F649-4333-479A-B83F-4267623DF043}.Release|x64.Build.0 = Release|x64
		{5A88F649-4333-479A-B83F-4267623DF043}.Release|x64.Deploy.0 = Release|x64
		{5CF4ABC5-1BCB-4352-B09F-4C067DB0840B}.Debug|Win32.ActiveCfg = Debug|Win32
		{5CF4ABC5-1BCB-4352-B09F-4C067DB0840B}.Debug|Win32.Build.0 = Debug|Win32
		{5CF4ABC5-1BCB-4352-B09F-4C067DB0840B}.Debug|Win32.Deploy.0 = Debug|Win32
		{5CF4ABC5-1BCB-4352-B09F-4C067DB0840B}.Debug|x64.ActiveCfg = Debug|x64
		{5CF4ABC5-1BCB-4352-B09F-4C067DB0840B}.Debug|x64.Build.0 = Debug|x64
		{5CF4ABC5-1BCB-4352-B09F-4C067DB0840B}.Debug|x64.Deploy.0 = Debug|x64
		{5CF4ABC5-1BCB-4352-B09F-4C067DB0840B}.Release|Win32.ActiveCfg = Release|Win32
		{5CF4ABC5-1BCB-4352-B09F-4C067DB0840B}.Release|Win32.Build.0 = Release|Win32
		{5CF4ABC5-1BCB-4352-B09F-4C067DB0840B}.Release|Win32.Deploy.0 = Release|Win32
		{5CF4ABC5-1BCB-4352-B09F-4C067DB0840B}.Release|x64.ActiveCfg = Release|x64
		{5CF4ABC5-1BCB-4352-B09F-4C067DB0840B}.Release|x64.Build.0 = Release|x64
		{5CF4ABC5-1BCB-4352-B09F-4C067DB0840B}.Release|x64.Deploy.0 = Release|x64
		{3E07FDD9-A2AF-47A3-BD1D-8C22A1DC269D}.Debug|Win32.ActiveCfg = Debug|Win32
		{3E07FDD9-A2AF-47A3-BD1D-8C22A1DC269D}.Debug|Win32.Build.0 = Debug|Win32
		{3E07FDD9-A2AF-47A3-BD1D-8C22A1DC269D}.Debug|Win32.Deploy.0 = Debug|Win32
		{3E07FDD9-A2AF-47A3-BD1D-8C22A1DC269D}.Debug|x64.ActiveCfg = Debug|x64
		{3E07FDD9-A2AF-47A3-BD1D-8C22A1DC269D}.Debug|x64.Build.0 = Debug|x64
		{3E07FDD9-A2AF-47A3-BD1D-8C22A1DC269D}.Debug|x64.Deploy.0 = Debug|x64
		{3E07FDD9-A2AF-47A3-BD1D-8C22A1DC269D}.Release|Win32.ActiveCfg = Release|Win32
		{3E07FDD9-A2AF-47A3-BD1D-8C22A1DC269D}.Release|Win32.Build.0 = Release|Win32
		{3E07FDD9-A2AF-47A3-BD1D-8C22A1DC269D}.Release|Win32.Deploy.0 = Release|Win32
		{3E07FDD9-A2AF-47A3-BD1D-8C22A1DC269D}.Release|x64.ActiveCfg = Release|x64
		{3E07FDD9-A2AF-47A3-BD1D-8C22A1DC269D}.Release|x64.Build.0 = Release|x64
		{3E07FDD9-A2AF-47A3-BD1D-8C22A1DC269D}.Release|x64.Deploy.0 = Release|x64
		{2A550E68-4FCE-40AA-AFB3-8D4B7357ED28}.Debug|Win32.ActiveCfg = Debug|Win32
		{2A550E68-4FCE-40AA-AFB3-8D4B7357ED28}.Debug|Win32.Build.0 = Debug|Win32
		{2A550E68-4FCE-40AA-AFB3-8D4B7357ED28}.Debug|Win32.Deploy.0 = Debug|Win32
		{2A550E68-4FCE-40AA-AFB3-8D4B7357ED28}.Debug|x64.ActiveCfg = Debug|x64
		{2A550E68-4FCE-40AA-AFB3-8D4B7357ED28}.Debug|x64.Build.0 = Debug|x64
		{2A550E68-4FCE-40AA-AFB3-8D4B7357ED28}.Debug|x64.Deploy.0 = Debug|x64
		{2A550E68-4FCE-40AA-AFB3-8D4B7357ED28}.Release|Win32.ActiveCfg = Release|Win32
		{2A550E68-4FCE-40AA-AFB3-8D4B7357ED28}.Release|Win32.Build.0 = Release|Win32
		{2A550E68-4FCE-40AA-AFB3-8D4B7357ED28}.Release|Win32.Deploy.0 = Release|Win32
		{2A550E68-4FCE-40AA-AFB3-8D4B7357ED28}.Release|x64.ActiveCfg = Release|x64
		{2A550E68-4FCE-40AA-AFB3-8D4B7357ED28}.Release|x64.Build.0 = Release|x64
		{2A550E68-4FCE-40AA-AFB3-8D4B7357ED28}.Release|x64.Deploy.0 = Release|x64
		{0E2E9D3D-0117-4833-B60D-C77EA708BE60}.Debug|Win32.ActiveCfg = Debug|Win32
		{0E2E9D3D-0117-4833-B60D-C77EA708BE60}.Debug|Win32.Build.0 = Debug|Win32
		{0E2E9D3D-0117-4833-B60D-C77EA708BE60}.Debug|Win32.Deploy.0 = Debug|Win32
		{0E2E9D3D-0117-4833-B60D-C77EA708BE60}.Debug|x64.ActiveCfg = Debug|x64
		{0E2E9D3D-0117-4833-B60D-C77EA708BE60}.Debug|x64.Build.0 = Debug|x64
		{0E2E9D3D-0117-4833-B60D-C77EA708BE60}.Debug|x64.Deploy.0 = Debug|x64
		{0E2E9D3D-0117-4833-B60D-C77EA708BE60}.Release|Win32.ActiveCfg = Release|Win32
		{0E2E9D3D-0117-4833-B60D-C77EA708BE60}.Release|Win32.Build.0 = Release|Win32
		{0E2E9D3D-0117-4833-B60D-C77EA708BE60}.Release|Win32.Deploy.0 = Release|Win32
		{0E2E9D3D-0117-4833-B60D-C77EA708BE60}.Release|x64.ActiveCfg = Release|x64
		{0E2E9D3D-0117-4833-B60D-C77EA708BE60}.Release|x64.Build.0 = Release|x64
		{0E2E9D3D-0117-4833-B60D-C77EA708BE60}.Release|x64.Deploy.0 = Release|x64
		{382B9565-97EE-4FE9-A4E3-35745DCE2F92}.Debug|Win32.ActiveCfg = Debug|Win32
		{382B9565-97EE-4FE9-A4E3-35745DCE2F92}.Debug|Win32.Build.0 = Debug|Win32
		{382B9565-97EE-4FE9-A4E3-35745DCE2F92}.Debug|Win32.Deploy.0 = Debug|Win32
		{382B9565-97EE-4FE9-A4E3-35745DCE2F92}.Debug|x64.ActiveCfg = Debug|x64
		{382B9565-97EE-4FE9-A4E3-35745DCE2F92}.Debug|x64.Build.0 = Debug|x64
		{382B9565-97EE-4FE9-A4E3-35745DCE2F92}.Debug|x64.Deploy.0 = Debug|x64
		{382B9565-97EE-4FE9-A4E3-35745DCE2F92}.Release|Win32.ActiveCfg = Release|Win32
		{382B9565-97EE-4FE9-A4E3-35745DCE2F92}.Release|Win32.Build.0 = Release|Win32
		{382B9565-97EE-4FE9-A4E3-35745DCE2F92}.Release|Win32.Deploy.0 = Release|Win32
		{382B9565-97EE-4FE9-A4E3-35745DCE2F92}.Release|x64.ActiveCfg = Release|x64
		{382B9565-97EE-4FE9-A4E3-35745DCE2F92}.Release|x64.Build.0 = Release|x64
		{382B9565-97EE-4FE9-A4E3-35745DCE2F92}.Release|x64.Deploy.0 = Release|x64
		{E2ED8F4A-C564-434B-A812-205570A76CF3}.Debug|Win32.ActiveCfg = Debug|Win32
		{E2ED8F4A-C564-434B-A812-205570A76CF3}.Debug|Win32.Build.0 = Debug|Win32
		{E2ED8F4A-C564-434B-A812-205570A76CF3}.Debug|Win32.Deploy.0 = Debug|Win32
		{E2ED8F4A-C564-434B-A812-205570A76CF3}.Debug|x64.ActiveCfg = Debug|x64
		{E2ED8F4A-C564-434B-A812-205570A76CF3}.Debug|x64.Build.0 = Debug|x64
		{E2ED8F4A-C564-434B-A812-205570A76CF3}.Debug|x64.Deploy.0 = Debug|x64
		{E2ED8F4A-C564-434B-A812-205570A76CF3}.Release|Win32.ActiveCfg = Release|Win32
		{E2ED8F4A-C564-434B-A812-205570A76CF3}.Release|Win32.Build.0 = Release|Win32
		{E2ED8F4A-C564-434B-A812-205570A76CF3}.Release|Win32.Deploy.0 = Release|Win32
		{E2ED8F4A-C564-434B-A812-205570A76CF3}.Release|x64.ActiveCfg = Release|x64
		{E2ED8F4A-C564-434B-A812-205570A76CF3}.Release|x64.Build.0 = Release|x64
		{E2ED8F4A-C564-434B-A812-205570A76CF3}.Release|x64.Deploy.0 = Release|x64
		{E633B202-D2CB-4DD6-8C2D-737738A1C24F}.Debug|Win32.ActiveCfg = Debug|Win32
		{E633B202-D2CB-4DD6-8C2D-737738A1C24F}.Debug|Win32.Build.0 = Debug|Win32
		{E633B202-D2CB-4DD6-8C2D-737738A1C24F}.Debug|Win32.Deploy.0 = Debug|Win32
		{E633B202-D2CB-4DD6-8C2D-737738A1C24F}.Debug|x64.ActiveCfg = Debug|x64
		{E633B202-D2CB-4DD6-8C2D-737738A1C24F}.Debug|x64.Build.0 = Debug|x64
		{E633B202-D2CB-4DD6-8C2D-737738A1C24F}.Debug|x64.Deploy.0 = Debug|x64
		{E633B202-D2CB-4DD6-8C2D-737738A1C24F}.Release|Win32.ActiveCfg = Release|Win32
		{E633B202-D2CB-4DD6-8C2D-737738A1C24F}.Release|Win32.Build.0 = Release|Win32
		{E633B202-D2CB-4DD6-8C2D-737738A1C24F}.Release|Win32.Deploy.0 = Release|Win32
		{E633B202-D2CB-4DD6-8C2D-737738A1C24F}.Release|x64.ActiveCfg = Release|x64
		{E633B202-D2CB-4DD6-8C2D-737738A1C24F}.Release|x64.Build.0 = Release|x64
		{E633B202-D2CB-4DD6-8C2D-737738A1C24F}.Release|x64.Deploy.0 = Release|x64
		{8B4E9185-F5ED-449C-8E34-2395C86BB1D1}.Debug|Win32.ActiveCfg = Debug|Win32
		{8B4E9185-F5ED-449C-8E34-2395C86BB1D1}.Debug|Win32.Build.0 = Debug|Win32
		{8B4E9185-F5ED-449C-8E34-2395C86BB1D1}.Debug|Win32.Deploy.0 = Debug|Win32
		{8B4E9185-F5ED-449C-8E34-2395C86BB1D1}.Debug|x64.ActiveCfg = Debug|x64
		{8B4E9185-F5ED-449C-8E34-2395C86BB1D1}.Debug|x64.Build.0 = Debug|x64
		{8B4E9185-F5ED-449C-8E34-2395C86BB1D1}.Debug|x64.Deploy.0 = Debug|x64
		{8B4E9185-F5ED-449C-8E34-2395C86BB1D1}.Release|Win32.ActiveCfg = Release|Win32
		{8B4E9185-F5ED-449C-8E34-2395C86BB1D1}.Release|Win32.Build.0 = Release|Win32
		{8B4E9185-F5ED-449C-8E34-2395C86BB1D1}.Release|Win32.Deploy.0 = Release|Win32
		{8B4E9185-F5ED-449C-8E34-2395C86BB1D1}.Release|x64.ActiveCfg = Release|x64
		{8B4E9185-F5ED-449C-8E34-2395C86BB1D1}.Release|x64.Build.0 = Release|x64
		{8B4E9185-F5ED-449C-8E34-2395C86BB1D1}.Release|x64.Deploy.0 = Release|x64
		{E2F74A4B-8AB8-4518-8618-EC1B0D462013}.Debug|Win32.ActiveCfg = Debug|Win32
		{E2F74A4B-8AB8-4518-8618-EC1B0D462013}.Debug|Win32.Build.0 = Debug|Win32
		{E2F74A4B-8AB8-4518-8618-EC1B0D462013}.Debug|Win32.Deploy.0 = Debug|Win32
		{E2F74A4B-8AB8-4518-8618-EC1B0D462013}.Debug|x64.ActiveCfg = Debug|x64
		{E2F74A4B-8AB8-4518-8618-EC1B0D462013}.Debug|x64.Build.0 = Debug|x64
		{E2F74A4B-8AB8-4518-8618-EC1B0D462013}.Debug|x64.Deploy.0 = Debug|x64
		{E2F74A4B-8AB8-4518-8618-EC1B0D462013}.Release|Win32.ActiveCfg = Release|Win32
		{E2F74A4B-8AB8-4518-8618-EC1B0D462013}.Release|Win32.Build.0 = Release|Win32
		{E2F74A4B-8AB8-4518-8618-EC1B0D462013}.Release|Win32.Deploy.0 = Release|Win32
		{E2F74A4B-8AB8-4518-8618-EC1B0D462013}.Release|x64.ActiveCfg = Release|x64
		{E2F74A4B-8AB8-4518-8618-EC1B0D462013}.Release|x64.Build.0 = Release|x64
		{E2F74A4B-8AB8-4518-8618-EC1B0D462013}.Release|x64.Deploy.0 = Release|x64
		{BDCEBB63-2157-405F-9ECA-710514FB75CB}.Debug|Win32.ActiveCfg = Debug|Win32
		{BDCEBB63-2157-405F-9ECA-710514FB75CB}.Debug|Win32.Build.0 = Debug|Win32
		{BDCEBB63-2157-405F-9ECA-710514FB75CB}.Debug|Win32.Deploy.0 = Debug|Win32
		{BDCEBB63-2157-405F-9ECA-710514FB75CB}.Debug|x64.ActiveCfg = Debug|x64
		{BDCEBB63-2157-405F-9ECA-710514FB75CB}.Debug|x64.Build.0 = Debug|x64
		{BDCEBB63-2157-405F-9ECA-710514FB75CB}.Debug|x64.Deploy.0 = Debug|x64
		{BDCEBB63-2157-405F-9ECA-710514FB75CB}.Release|Win32.ActiveCfg = Release|Win32
		{BDCEBB63-2157-405F-9ECA-710514FB75CB}.Release|Win32.Build.0 = Release|Win32
		{BDCEBB63-2157-405F-9ECA-710514FB75CB}.Release|Win32.Deploy.0 = Release|Win32
		{BDCEBB63-2157-405F-9ECA-710514FB75CB}.Release|x64.ActiveCfg = Release|x64
		{BDCEBB63-2157-405F-9ECA-710514FB75CB}.Release|x64.Build.0 = Release|x64
		{BDCEBB63-2157-405F-9ECA-710514FB75CB}.Release|x64.Deploy.0 = Release|x64
		{8ADE2608-49B2-4EDE-8ADB-C0833EB30E9C}.Debug|Win32.ActiveCfg = Debug|Win32
		{8ADE2608-49B2-4EDE-8ADB-C0833EB30E9C}.Debug|Win32.Build.0 = Debug|Win32
		{8ADE2608-49B2-4EDE-8ADB-C0833EB30E9C}.Debug|Win32.Deploy.0 = Debug|Win32
		{8ADE2608-49B2-4EDE-8ADB-C0833EB30E9C}.Debug|x64.ActiveCfg = Debug|x64
		{8ADE2608-49B2-4EDE-8ADB-C0833EB30E9C}.Debug|x64.Build.0 = Debug|x64
		{8ADE2608-49B2-4EDE-8ADB-C0833EB30E9C}.Debug|x64.Deploy.0 = Debug|x64
		{8ADE2608-49B2-4EDE-8ADB-C0833EB30E9C}.Release|Win32.ActiveCfg = Release|Win32
		{8ADE2608-49B2-4EDE-8ADB-C0833EB30E9C}.Release|Win32.Build.0 = Release|Win32
		{8ADE2608-49B2-4EDE-8ADB-C0833EB30E9C}.Release|Win32.Deploy.0 = Release|Win32
		{8ADE2608-49B2-4EDE-8ADB-C0833EB30E9C}.Release|x64.ActiveCfg = Release|x64
		{8ADE2608-49B2-4EDE-8ADB-C0833EB30E9C}.Release|x64.Build.0 = Release|x64
		{8ADE2608-49B2-4EDE-8ADB-C0833EB30E9C}.Release|x64.Deploy.0 = Release|x64
		{B04AC821-178F-49F1-8A53-7B568A2FD489}.Debug|Win32.ActiveCfg = Debug|Win32
		{B04AC821-178F-49F1-8A53-7B568A2FD489}.Debug|Win32.Build.0 = Debug|Win32
		{B04AC821-178F-49F1-8A53-7B568A2FD489}.Debug|Win32.Deploy.0 = Debug|Win32
		{B04AC821-178F-49F1-8A53-7B568A2FD489}.Debug|x64.ActiveCfg = Debug|x64
		{B04AC821-178F-49F1-8A53-7B568A2FD489}.Debug|x64.Build.0 = Debug|x64
		{B04AC821-178F-49F1-8A53-7B568A2FD489}.Debug|x64.Deploy.0 = Debug|x64
		{B04AC821-178F-49F1-8A53-7B568A2FD489}.Release|Win32.ActiveCfg = Release|Win32
		{B04AC821-178F-49F1-8A53-7B568A2FD489}.Release|Win32.Build.0 = Release|Win32
		{B04AC821-178F-49F1-8A53-7B568A2FD489}.Release|Win32.Deploy.0 = Release|Win32
		{B04AC821-178F-49F1-8A53-7B568A2FD489}.Release|x64.ActiveCfg = Release|x64
		{B04AC821-178F-49F1-8A53-7B568A2FD489}.Release|x64.Build.0 = Release|x64
		{B04AC821-178F-49F1-8A53-7B568A2FD489}.Release|x64.Deploy.0 = Release|x64
	EndGlobalSection
	GlobalSection(SolutionProperties) = preSolution
		HideSolutionNode = FALSE
	EndGlobalSection
EndGlobal
