<?xml version="1.0" encoding="UTF-8" standalone="yes" ?>
<CodeBlocks_project_file>
	<FileVersion major="1" minor="6" />
	<Project>
		<Option title="FMODNew" />
		<Option pch_mode="2" />
		<Option compiler="gcc" />
		<Build>
			<Target title="Debug">
				<Option output="FMODStudioWrapper/FMODNewD" prefix_auto="1" extension_auto="1" />
				<Option working_dir="FMODStudioWrapper" />
				<Option object_output="./" />
				<Option type="1" />
				<Option compiler="gcc" />
				<Compiler>
					<Add option="-g" />
					<Add directory="$(#FMODStudio10809.include)" />
					<Add directory="$(#TinyXML.include)" />
					<Add directory="$(#Lua.include)" />
					<Add directory="$(#LuaBind9.include)" />
					<Add directory="$(#Boost.include)" />
					<Add directory="GameAudio" />
					<Add directory="GameAudio/Channel" />
					<Add directory="GameAudio/DSP" />
					<Add directory="GameAudio/Geometry" />
					<Add directory="GameAudio/Group" />
					<Add directory="GameAudio/Music" />
					<Add directory="GameAudio/Plugins" />
					<Add directory="GameAudio/Recording" />
					<Add directory="GameAudio/Reverb" />
					<Add directory="GameAudio/Sound" />
					<Add directory="GameAudio/Stream" />
					<Add directory="GameAudio/System" />
					<Add directory="GameContent" />
				</Compiler>
				<Linker>
					<Add library="fmod" />
					<Add library="ticpp" />
					<Add library="Lua51" />
					<Add library="LuaBindd" />
					<Add directory="$(#FMODStudio10809.lib)" />
					<Add directory="$(#TinyXML.lib)" />
					<Add directory="$(#Lua.lib)" />
					<Add directory="$(#LuaBind9.lib)" />
					<Add directory="$(#Boost.lib)" />
				</Linker>
			</Target>
			<Target title="Release">
				<Option output="FMODStudioWrapper/FMODNew" prefix_auto="1" extension_auto="1" />
				<Option working_dir="FMODStudioWrapper" />
				<Option object_output="./" />
				<Option type="1" />
				<Option compiler="gcc" />
				<Compiler>
					<Add option="-O2" />
					<Add directory="$(#FMODStudio10809.include)" />
					<Add directory="$(#TinyXML.include)" />
					<Add directory="GameAudio" />
					<Add directory="GameAudio/Channel" />
					<Add directory="GameAudio/DSP" />
					<Add directory="GameAudio/Geometry" />
					<Add directory="GameAudio/Group" />
					<Add directory="GameAudio/Music" />
					<Add directory="GameAudio/Plugins" />
					<Add directory="GameAudio/Recording" />
					<Add directory="GameAudio/Reverb" />
					<Add directory="GameAudio/Sound" />
					<Add directory="GameAudio/Stream" />
					<Add directory="GameAudio/System" />
					<Add directory="GameContent" />
				</Compiler>
				<Linker>
					<Add option="-s" />
					<Add library="fmod" />
					<Add library="ticpp" />
					<Add directory="$(#FMODStudio10809.lib)" />
					<Add directory="$(#TinyXML.lib)" />
					<Add directory="$(#Lua.lib)" />
					<Add directory="$(#LuaBind9.lib)" />
					<Add directory="$(#Boost.lib)" />
				</Linker>
			</Target>
		</Build>
		<Compiler>
			<Add option="-Wall" />
			<Add option="-fexceptions" />
		</Compiler>
		<Unit filename="FMODStudioWrapper/media/music/placeholder.txt" />
		<Unit filename="FMODStudioWrapper/media/sounds/placeholder.txt" />
		<Unit filename="GameAudio/Channel/Channel.cpp" />
		<Unit filename="GameAudio/Channel/Channel.h" />
		<Unit filename="GameAudio/DSP/DSP.cpp" />
		<Unit filename="GameAudio/DSP/DSP.h" />
		<Unit filename="GameAudio/DSP/DSPConnection.cpp" />
		<Unit filename="GameAudio/DSP/DSPConnection.h" />
		<Unit filename="GameAudio/FMODGlobals.h" />
		<Unit filename="GameAudio/GameAudio.h" />
		<Unit filename="GameAudio/Geometry/Geometry.cpp" />
		<Unit filename="GameAudio/Geometry/Geometry.h" />
		<Unit filename="GameAudio/Group/ChannelGroup.cpp" />
		<Unit filename="GameAudio/Group/ChannelGroup.h" />
		<Unit filename="GameAudio/Group/SoundGroup.cpp" />
		<Unit filename="GameAudio/Group/SoundGroup.h" />
		<Unit filename="GameAudio/Music/Music.cpp" />
		<Unit filename="GameAudio/Music/Music.h" />
		<Unit filename="GameAudio/Plugins/Plugin.cpp" />
		<Unit filename="GameAudio/Plugins/Plugin.h" />
		<Unit filename="GameAudio/Recording/Recording.cpp" />
		<Unit filename="GameAudio/Recording/Recording.h" />
		<Unit filename="GameAudio/Reverb/Reverb2D.cpp" />
		<Unit filename="GameAudio/Reverb/Reverb2D.h" />
		<Unit filename="GameAudio/Reverb/Reverb3D.cpp" />
		<Unit filename="GameAudio/Reverb/Reverb3D.h" />
		<Unit filename="GameAudio/Sound/Sound.cpp" />
		<Unit filename="GameAudio/Sound/Sound.h" />
		<Unit filename="GameAudio/Sound/Sound2D.cpp" />
		<Unit filename="GameAudio/Sound/Sound2D.h" />
		<Unit filename="GameAudio/Sound/Sound3D.cpp" />
		<Unit filename="GameAudio/Sound/Sound3D.h" />
		<Unit filename="GameAudio/Sound/SoundSample.cpp" />
		<Unit filename="GameAudio/Sound/SoundSample.h" />
		<Unit filename="GameAudio/Stream/Stream.cpp" />
		<Unit filename="GameAudio/Stream/Stream.h" />
		<Unit filename="GameAudio/Stream/Stream2D.cpp" />
		<Unit filename="GameAudio/Stream/Stream2D.h" />
		<Unit filename="GameAudio/Stream/Stream3D.cpp" />
		<Unit filename="GameAudio/Stream/Stream3D.h" />
		<Unit filename="GameAudio/System/AudioSystem.cpp" />
		<Unit filename="GameAudio/System/AudioSystem.h" />
		<Unit filename="GameAudio/TODO.txt" />
		<Unit filename="GameContent/AudioManager.cpp" />
		<Unit filename="GameContent/AudioManager.h" />
		<Unit filename="main.cpp" />
		<Extensions>
			<code_completion />
			<envvars />
			<debugger />
			<lib_finder disable_auto="1" />
		</Extensions>
	</Project>
</CodeBlocks_project_file>
