
Microsoft Visual Studio Solution File, Format Version 11.00
# Visual Studio 2010
Project("{8BC9CEB8-8B4A-11D0-8D11-00A0C91BC942}") = "3d", "3d.vcxproj", "{7A0AD189-E44B-4EDA-B44B-046576DBBC6C}"
EndProject
Project("{8BC9CEB8-8B4A-11D0-8D11-00A0C91BC942}") = "asyncio", "asyncio.vcxproj", "{C1C5E338-AD25-4F67-8F9E-3AF7FB94913D}"
EndProject
Project("{8BC9CEB8-8B4A-11D0-8D11-00A0C91BC942}") = "channel_groups", "channel_groups.vcxproj", "{AC0FDBA6-45CC-4D2E-BEE6-519BEA3D0239}"
EndProject
Project("{8BC9CEB8-8B4A-11D0-8D11-00A0C91BC942}") = "convolution_reverb", "convolution_reverb.vcxproj", "{AB902A19-E48B-469F-ADFD-D471482E34EC}"
EndProject
Project("{8BC9CEB8-8B4A-11D0-8D11-00A0C91BC942}") = "dsp_custom", "dsp_custom.vcxproj", "{AD38C215-6CF0-4780-9541-344BB65DE5DA}"
EndProject
Project("{8BC9CEB8-8B4A-11D0-8D11-00A0C91BC942}") = "dsp_effect_per_speaker", "dsp_effect_per_speaker.vcxproj", "{DB5AB0BB-D402-461F-8C37-6582C979B8B5}"
EndProject
Project("{8BC9CEB8-8B4A-11D0-8D11-00A0C91BC942}") = "dsp_inspector", "dsp_inspector.vcxproj", "{A1DF7237-191B-432B-AF48-2F632596449C}"
EndProject
Project("{8BC9CEB8-8B4A-11D0-8D11-00A0C91BC942}") = "effects", "effects.vcxproj", "{D7956184-9CF1-468A-A685-9EC0653A50B5}"
EndProject
Project("{8BC9CEB8-8B4A-11D0-8D11-00A0C91BC942}") = "gapless_playback", "gapless_playback.vcxproj", "{A4BAED62-23E1-4BC3-B70E-E68BDA2A803A}"
EndProject
Project("{8BC9CEB8-8B4A-11D0-8D11-00A0C91BC942}") = "generate_tone", "generate_tone.vcxproj", "{4B15E6B9-04EE-465B-A6FA-70858D63CD35}"
EndProject
Project("{8BC9CEB8-8B4A-11D0-8D11-00A0C91BC942}") = "granular_synth", "granular_synth.vcxproj", "{F51897B0-03D8-4647-810D-37297B2C3E11}"
EndProject
Project("{8BC9CEB8-8B4A-11D0-8D11-00A0C91BC942}") = "load_from_memory", "load_from_memory.vcxproj", "{844A6B60-D534-41BD-A94D-EC937C51BB25}"
EndProject
Project("{8BC9CEB8-8B4A-11D0-8D11-00A0C91BC942}") = "multiple_speaker", "multiple_speaker.vcxproj", "{C2F7E369-08BB-4C56-9C53-29AEBBC6ADF9}"
EndProject
Project("{8BC9CEB8-8B4A-11D0-8D11-00A0C91BC942}") = "multiple_system", "multiple_system.vcxproj", "{D199EEEE-06F3-4318-B52C-4451DAF71F6B}"
EndProject
Project("{8BC9CEB8-8B4A-11D0-8D11-00A0C91BC942}") = "net_stream", "net_stream.vcxproj", "{C68CB3AD-0219-4075-947A-E87C5B849567}"
EndProject
Project("{8BC9CEB8-8B4A-11D0-8D11-00A0C91BC942}") = "play_sound", "play_sound.vcxproj", "{F958A378-ADA4-4DDB-8A59-5D3156C017AD}"
EndProject
Project("{8BC9CEB8-8B4A-11D0-8D11-00A0C91BC942}") = "play_stream", "play_stream.vcxproj", "{E0599D17-03B3-4AB5-B1F5-E66D8893E629}"
EndProject
Project("{8BC9CEB8-8B4A-11D0-8D11-00A0C91BC942}") = "record", "record.vcxproj", "{B153A38E-6E4A-4BE7-B5CF-39EDC80AE6AB}"
EndProject
Project("{8BC9CEB8-8B4A-11D0-8D11-00A0C91BC942}") = "record_enumeration", "record_enumeration.vcxproj", "{C07FFA49-0B95-4501-A77B-9944FEEA6E6F}"
EndProject
Project("{8BC9CEB8-8B4A-11D0-8D11-00A0C91BC942}") = "user_created_sound", "user_created_sound.vcxproj", "{EA797DDE-A4EE-44D6-9760-ADE6DC7CAC19}"
EndProject
Project("{8BC9CEB8-8B4A-11D0-8D11-00A0C91BC942}") = "fmod_codec_raw", "fmod_codec_raw.vcxproj", "{D9C146EA-AC17-4B71-8F8A-AE00F0CD297B}"
EndProject
Project("{8BC9CEB8-8B4A-11D0-8D11-00A0C91BC942}") = "fmod_distance_filter", "fmod_distance_filter.vcxproj", "{9895C662-9E34-4391-9616-5A85CAD3F82D}"
EndProject
Project("{8BC9CEB8-8B4A-11D0-8D11-00A0C91BC942}") = "fmod_gain", "fmod_gain.vcxproj", "{FD6D4904-CC0D-4AD2-B8A6-6BE3CC48252D}"
EndProject
Project("{8BC9CEB8-8B4A-11D0-8D11-00A0C91BC942}") = "fmod_noise", "fmod_noise.vcxproj", "{961B7B32-951D-4A1C-8CD9-B611B961E332}"
EndProject
Project("{8BC9CEB8-8B4A-11D0-8D11-00A0C91BC942}") = "output_mp3", "output_mp3.vcxproj", "{42E97600-3AEC-4DBB-976E-DA033629EB9B}"
EndProject
Global
	GlobalSection(SolutionConfigurationPlatforms) = preSolution
		Debug|Win32 = Debug|Win32
		Debug|x64 = Debug|x64
		Release|Win32 = Release|Win32
		Release|x64 = Release|x64
	EndGlobalSection
	GlobalSection(ProjectConfigurationPlatforms) = postSolution
		{7A0AD189-E44B-4EDA-B44B-046576DBBC6C}.Debug|Win32.ActiveCfg = Debug|Win32
		{7A0AD189-E44B-4EDA-B44B-046576DBBC6C}.Debug|Win32.Build.0 = Debug|Win32
		{7A0AD189-E44B-4EDA-B44B-046576DBBC6C}.Debug|Win32.Deploy.0 = Debug|Win32
		{7A0AD189-E44B-4EDA-B44B-046576DBBC6C}.Debug|x64.ActiveCfg = Debug|x64
		{7A0AD189-E44B-4EDA-B44B-046576DBBC6C}.Debug|x64.Build.0 = Debug|x64
		{7A0AD189-E44B-4EDA-B44B-046576DBBC6C}.Debug|x64.Deploy.0 = Debug|x64
		{7A0AD189-E44B-4EDA-B44B-046576DBBC6C}.Release|Win32.ActiveCfg = Release|Win32
		{7A0AD189-E44B-4EDA-B44B-046576DBBC6C}.Release|Win32.Build.0 = Release|Win32
		{7A0AD189-E44B-4EDA-B44B-046576DBBC6C}.Release|Win32.Deploy.0 = Release|Win32
		{7A0AD189-E44B-4EDA-B44B-046576DBBC6C}.Release|x64.ActiveCfg = Release|x64
		{7A0AD189-E44B-4EDA-B44B-046576DBBC6C}.Release|x64.Build.0 = Release|x64
		{7A0AD189-E44B-4EDA-B44B-046576DBBC6C}.Release|x64.Deploy.0 = Release|x64
		{C1C5E338-AD25-4F67-8F9E-3AF7FB94913D}.Debug|Win32.ActiveCfg = Debug|Win32
		{C1C5E338-AD25-4F67-8F9E-3AF7FB94913D}.Debug|Win32.Build.0 = Debug|Win32
		{C1C5E338-AD25-4F67-8F9E-3AF7FB94913D}.Debug|Win32.Deploy.0 = Debug|Win32
		{C1C5E338-AD25-4F67-8F9E-3AF7FB94913D}.Debug|x64.ActiveCfg = Debug|x64
		{C1C5E338-AD25-4F67-8F9E-3AF7FB94913D}.Debug|x64.Build.0 = Debug|x64
		{C1C5E338-AD25-4F67-8F9E-3AF7FB94913D}.Debug|x64.Deploy.0 = Debug|x64
		{C1C5E338-AD25-4F67-8F9E-3AF7FB94913D}.Release|Win32.ActiveCfg = Release|Win32
		{C1C5E338-AD25-4F67-8F9E-3AF7FB94913D}.Release|Win32.Build.0 = Release|Win32
		{C1C5E338-AD25-4F67-8F9E-3AF7FB94913D}.Release|Win32.Deploy.0 = Release|Win32
		{C1C5E338-AD25-4F67-8F9E-3AF7FB94913D}.Release|x64.ActiveCfg = Release|x64
		{C1C5E338-AD25-4F67-8F9E-3AF7FB94913D}.Release|x64.Build.0 = Release|x64
		{C1C5E338-AD25-4F67-8F9E-3AF7FB94913D}.Release|x64.Deploy.0 = Release|x64
		{AC0FDBA6-45CC-4D2E-BEE6-519BEA3D0239}.Debug|Win32.ActiveCfg = Debug|Win32
		{AC0FDBA6-45CC-4D2E-BEE6-519BEA3D0239}.Debug|Win32.Build.0 = Debug|Win32
		{AC0FDBA6-45CC-4D2E-BEE6-519BEA3D0239}.Debug|Win32.Deploy.0 = Debug|Win32
		{AC0FDBA6-45CC-4D2E-BEE6-519BEA3D0239}.Debug|x64.ActiveCfg = Debug|x64
		{AC0FDBA6-45CC-4D2E-BEE6-519BEA3D0239}.Debug|x64.Build.0 = Debug|x64
		{AC0FDBA6-45CC-4D2E-BEE6-519BEA3D0239}.Debug|x64.Deploy.0 = Debug|x64
		{AC0FDBA6-45CC-4D2E-BEE6-519BEA3D0239}.Release|Win32.ActiveCfg = Release|Win32
		{AC0FDBA6-45CC-4D2E-BEE6-519BEA3D0239}.Release|Win32.Build.0 = Release|Win32
		{AC0FDBA6-45CC-4D2E-BEE6-519BEA3D0239}.Release|Win32.Deploy.0 = Release|Win32
		{AC0FDBA6-45CC-4D2E-BEE6-519BEA3D0239}.Release|x64.ActiveCfg = Release|x64
		{AC0FDBA6-45CC-4D2E-BEE6-519BEA3D0239}.Release|x64.Build.0 = Release|x64
		{AC0FDBA6-45CC-4D2E-BEE6-519BEA3D0239}.Release|x64.Deploy.0 = Release|x64
		{AB902A19-E48B-469F-ADFD-D471482E34EC}.Debug|Win32.ActiveCfg = Debug|Win32
		{AB902A19-E48B-469F-ADFD-D471482E34EC}.Debug|Win32.Build.0 = Debug|Win32
		{AB902A19-E48B-469F-ADFD-D471482E34EC}.Debug|Win32.Deploy.0 = Debug|Win32
		{AB902A19-E48B-469F-ADFD-D471482E34EC}.Debug|x64.ActiveCfg = Debug|x64
		{AB902A19-E48B-469F-ADFD-D471482E34EC}.Debug|x64.Build.0 = Debug|x64
		{AB902A19-E48B-469F-ADFD-D471482E34EC}.Debug|x64.Deploy.0 = Debug|x64
		{AB902A19-E48B-469F-ADFD-D471482E34EC}.Release|Win32.ActiveCfg = Release|Win32
		{AB902A19-E48B-469F-ADFD-D471482E34EC}.Release|Win32.Build.0 = Release|Win32
		{AB902A19-E48B-469F-ADFD-D471482E34EC}.Release|Win32.Deploy.0 = Release|Win32
		{AB902A19-E48B-469F-ADFD-D471482E34EC}.Release|x64.ActiveCfg = Release|x64
		{AB902A19-E48B-469F-ADFD-D471482E34EC}.Release|x64.Build.0 = Release|x64
		{AB902A19-E48B-469F-ADFD-D471482E34EC}.Release|x64.Deploy.0 = Release|x64
		{AD38C215-6CF0-4780-9541-344BB65DE5DA}.Debug|Win32.ActiveCfg = Debug|Win32
		{AD38C215-6CF0-4780-9541-344BB65DE5DA}.Debug|Win32.Build.0 = Debug|Win32
		{AD38C215-6CF0-4780-9541-344BB65DE5DA}.Debug|Win32.Deploy.0 = Debug|Win32
		{AD38C215-6CF0-4780-9541-344BB65DE5DA}.Debug|x64.ActiveCfg = Debug|x64
		{AD38C215-6CF0-4780-9541-344BB65DE5DA}.Debug|x64.Build.0 = Debug|x64
		{AD38C215-6CF0-4780-9541-344BB65DE5DA}.Debug|x64.Deploy.0 = Debug|x64
		{AD38C215-6CF0-4780-9541-344BB65DE5DA}.Release|Win32.ActiveCfg = Release|Win32
		{AD38C215-6CF0-4780-9541-344BB65DE5DA}.Release|Win32.Build.0 = Release|Win32
		{AD38C215-6CF0-4780-9541-344BB65DE5DA}.Release|Win32.Deploy.0 = Release|Win32
		{AD38C215-6CF0-4780-9541-344BB65DE5DA}.Release|x64.ActiveCfg = Release|x64
		{AD38C215-6CF0-4780-9541-344BB65DE5DA}.Release|x64.Build.0 = Release|x64
		{AD38C215-6CF0-4780-9541-344BB65DE5DA}.Release|x64.Deploy.0 = Release|x64
		{DB5AB0BB-D402-461F-8C37-6582C979B8B5}.Debug|Win32.ActiveCfg = Debug|Win32
		{DB5AB0BB-D402-461F-8C37-6582C979B8B5}.Debug|Win32.Build.0 = Debug|Win32
		{DB5AB0BB-D402-461F-8C37-6582C979B8B5}.Debug|Win32.Deploy.0 = Debug|Win32
		{DB5AB0BB-D402-461F-8C37-6582C979B8B5}.Debug|x64.ActiveCfg = Debug|x64
		{DB5AB0BB-D402-461F-8C37-6582C979B8B5}.Debug|x64.Build.0 = Debug|x64
		{DB5AB0BB-D402-461F-8C37-6582C979B8B5}.Debug|x64.Deploy.0 = Debug|x64
		{DB5AB0BB-D402-461F-8C37-6582C979B8B5}.Release|Win32.ActiveCfg = Release|Win32
		{DB5AB0BB-D402-461F-8C37-6582C979B8B5}.Release|Win32.Build.0 = Release|Win32
		{DB5AB0BB-D402-461F-8C37-6582C979B8B5}.Release|Win32.Deploy.0 = Release|Win32
		{DB5AB0BB-D402-461F-8C37-6582C979B8B5}.Release|x64.ActiveCfg = Release|x64
		{DB5AB0BB-D402-461F-8C37-6582C979B8B5}.Release|x64.Build.0 = Release|x64
		{DB5AB0BB-D402-461F-8C37-6582C979B8B5}.Release|x64.Deploy.0 = Release|x64
		{A1DF7237-191B-432B-AF48-2F632596449C}.Debug|Win32.ActiveCfg = Debug|Win32
		{A1DF7237-191B-432B-AF48-2F632596449C}.Debug|Win32.Build.0 = Debug|Win32
		{A1DF7237-191B-432B-AF48-2F632596449C}.Debug|Win32.Deploy.0 = Debug|Win32
		{A1DF7237-191B-432B-AF48-2F632596449C}.Debug|x64.ActiveCfg = Debug|x64
		{A1DF7237-191B-432B-AF48-2F632596449C}.Debug|x64.Build.0 = Debug|x64
		{A1DF7237-191B-432B-AF48-2F632596449C}.Debug|x64.Deploy.0 = Debug|x64
		{A1DF7237-191B-432B-AF48-2F632596449C}.Release|Win32.ActiveCfg = Release|Win32
		{A1DF7237-191B-432B-AF48-2F632596449C}.Release|Win32.Build.0 = Release|Win32
		{A1DF7237-191B-432B-AF48-2F632596449C}.Release|Win32.Deploy.0 = Release|Win32
		{A1DF7237-191B-432B-AF48-2F632596449C}.Release|x64.ActiveCfg = Release|x64
		{A1DF7237-191B-432B-AF48-2F632596449C}.Release|x64.Build.0 = Release|x64
		{A1DF7237-191B-432B-AF48-2F632596449C}.Release|x64.Deploy.0 = Release|x64
		{D7956184-9CF1-468A-A685-9EC0653A50B5}.Debug|Win32.ActiveCfg = Debug|Win32
		{D7956184-9CF1-468A-A685-9EC0653A50B5}.Debug|Win32.Build.0 = Debug|Win32
		{D7956184-9CF1-468A-A685-9EC0653A50B5}.Debug|Win32.Deploy.0 = Debug|Win32
		{D7956184-9CF1-468A-A685-9EC0653A50B5}.Debug|x64.ActiveCfg = Debug|x64
		{D7956184-9CF1-468A-A685-9EC0653A50B5}.Debug|x64.Build.0 = Debug|x64
		{D7956184-9CF1-468A-A685-9EC0653A50B5}.Debug|x64.Deploy.0 = Debug|x64
		{D7956184-9CF1-468A-A685-9EC0653A50B5}.Release|Win32.ActiveCfg = Release|Win32
		{D7956184-9CF1-468A-A685-9EC0653A50B5}.Release|Win32.Build.0 = Release|Win32
		{D7956184-9CF1-468A-A685-9EC0653A50B5}.Release|Win32.Deploy.0 = Release|Win32
		{D7956184-9CF1-468A-A685-9EC0653A50B5}.Release|x64.ActiveCfg = Release|x64
		{D7956184-9CF1-468A-A685-9EC0653A50B5}.Release|x64.Build.0 = Release|x64
		{D7956184-9CF1-468A-A685-9EC0653A50B5}.Release|x64.Deploy.0 = Release|x64
		{A4BAED62-23E1-4BC3-B70E-E68BDA2A803A}.Debug|Win32.ActiveCfg = Debug|Win32
		{A4BAED62-23E1-4BC3-B70E-E68BDA2A803A}.Debug|Win32.Build.0 = Debug|Win32
		{A4BAED62-23E1-4BC3-B70E-E68BDA2A803A}.Debug|Win32.Deploy.0 = Debug|Win32
		{A4BAED62-23E1-4BC3-B70E-E68BDA2A803A}.Debug|x64.ActiveCfg = Debug|x64
		{A4BAED62-23E1-4BC3-B70E-E68BDA2A803A}.Debug|x64.Build.0 = Debug|x64
		{A4BAED62-23E1-4BC3-B70E-E68BDA2A803A}.Debug|x64.Deploy.0 = Debug|x64
		{A4BAED62-23E1-4BC3-B70E-E68BDA2A803A}.Release|Win32.ActiveCfg = Release|Win32
		{A4BAED62-23E1-4BC3-B70E-E68BDA2A803A}.Release|Win32.Build.0 = Release|Win32
		{A4BAED62-23E1-4BC3-B70E-E68BDA2A803A}.Release|Win32.Deploy.0 = Release|Win32
		{A4BAED62-23E1-4BC3-B70E-E68BDA2A803A}.Release|x64.ActiveCfg = Release|x64
		{A4BAED62-23E1-4BC3-B70E-E68BDA2A803A}.Release|x64.Build.0 = Release|x64
		{A4BAED62-23E1-4BC3-B70E-E68BDA2A803A}.Release|x64.Deploy.0 = Release|x64
		{4B15E6B9-04EE-465B-A6FA-70858D63CD35}.Debug|Win32.ActiveCfg = Debug|Win32
		{4B15E6B9-04EE-465B-A6FA-70858D63CD35}.Debug|Win32.Build.0 = Debug|Win32
		{4B15E6B9-04EE-465B-A6FA-70858D63CD35}.Debug|Win32.Deploy.0 = Debug|Win32
		{4B15E6B9-04EE-465B-A6FA-70858D63CD35}.Debug|x64.ActiveCfg = Debug|x64
		{4B15E6B9-04EE-465B-A6FA-70858D63CD35}.Debug|x64.Build.0 = Debug|x64
		{4B15E6B9-04EE-465B-A6FA-70858D63CD35}.Debug|x64.Deploy.0 = Debug|x64
		{4B15E6B9-04EE-465B-A6FA-70858D63CD35}.Release|Win32.ActiveCfg = Release|Win32
		{4B15E6B9-04EE-465B-A6FA-70858D63CD35}.Release|Win32.Build.0 = Release|Win32
		{4B15E6B9-04EE-465B-A6FA-70858D63CD35}.Release|Win32.Deploy.0 = Release|Win32
		{4B15E6B9-04EE-465B-A6FA-70858D63CD35}.Release|x64.ActiveCfg = Release|x64
		{4B15E6B9-04EE-465B-A6FA-70858D63CD35}.Release|x64.Build.0 = Release|x64
		{4B15E6B9-04EE-465B-A6FA-70858D63CD35}.Release|x64.Deploy.0 = Release|x64
		{F51897B0-03D8-4647-810D-37297B2C3E11}.Debug|Win32.ActiveCfg = Debug|Win32
		{F51897B0-03D8-4647-810D-37297B2C3E11}.Debug|Win32.Build.0 = Debug|Win32
		{F51897B0-03D8-4647-810D-37297B2C3E11}.Debug|Win32.Deploy.0 = Debug|Win32
		{F51897B0-03D8-4647-810D-37297B2C3E11}.Debug|x64.ActiveCfg = Debug|x64
		{F51897B0-03D8-4647-810D-37297B2C3E11}.Debug|x64.Build.0 = Debug|x64
		{F51897B0-03D8-4647-810D-37297B2C3E11}.Debug|x64.Deploy.0 = Debug|x64
		{F51897B0-03D8-4647-810D-37297B2C3E11}.Release|Win32.ActiveCfg = Release|Win32
		{F51897B0-03D8-4647-810D-37297B2C3E11}.Release|Win32.Build.0 = Release|Win32
		{F51897B0-03D8-4647-810D-37297B2C3E11}.Release|Win32.Deploy.0 = Release|Win32
		{F51897B0-03D8-4647-810D-37297B2C3E11}.Release|x64.ActiveCfg = Release|x64
		{F51897B0-03D8-4647-810D-37297B2C3E11}.Release|x64.Build.0 = Release|x64
		{F51897B0-03D8-4647-810D-37297B2C3E11}.Release|x64.Deploy.0 = Release|x64
		{844A6B60-D534-41BD-A94D-EC937C51BB25}.Debug|Win32.ActiveCfg = Debug|Win32
		{844A6B60-D534-41BD-A94D-EC937C51BB25}.Debug|Win32.Build.0 = Debug|Win32
		{844A6B60-D534-41BD-A94D-EC937C51BB25}.Debug|Win32.Deploy.0 = Debug|Win32
		{844A6B60-D534-41BD-A94D-EC937C51BB25}.Debug|x64.ActiveCfg = Debug|x64
		{844A6B60-D534-41BD-A94D-EC937C51BB25}.Debug|x64.Build.0 = Debug|x64
		{844A6B60-D534-41BD-A94D-EC937C51BB25}.Debug|x64.Deploy.0 = Debug|x64
		{844A6B60-D534-41BD-A94D-EC937C51BB25}.Release|Win32.ActiveCfg = Release|Win32
		{844A6B60-D534-41BD-A94D-EC937C51BB25}.Release|Win32.Build.0 = Release|Win32
		{844A6B60-D534-41BD-A94D-EC937C51BB25}.Release|Win32.Deploy.0 = Release|Win32
		{844A6B60-D534-41BD-A94D-EC937C51BB25}.Release|x64.ActiveCfg = Release|x64
		{844A6B60-D534-41BD-A94D-EC937C51BB25}.Release|x64.Build.0 = Release|x64
		{844A6B60-D534-41BD-A94D-EC937C51BB25}.Release|x64.Deploy.0 = Release|x64
		{C2F7E369-08BB-4C56-9C53-29AEBBC6ADF9}.Debug|Win32.ActiveCfg = Debug|Win32
		{C2F7E369-08BB-4C56-9C53-29AEBBC6ADF9}.Debug|Win32.Build.0 = Debug|Win32
		{C2F7E369-08BB-4C56-9C53-29AEBBC6ADF9}.Debug|Win32.Deploy.0 = Debug|Win32
		{C2F7E369-08BB-4C56-9C53-29AEBBC6ADF9}.Debug|x64.ActiveCfg = Debug|x64
		{C2F7E369-08BB-4C56-9C53-29AEBBC6ADF9}.Debug|x64.Build.0 = Debug|x64
		{C2F7E369-08BB-4C56-9C53-29AEBBC6ADF9}.Debug|x64.Deploy.0 = Debug|x64
		{C2F7E369-08BB-4C56-9C53-29AEBBC6ADF9}.Release|Win32.ActiveCfg = Release|Win32
		{C2F7E369-08BB-4C56-9C53-29AEBBC6ADF9}.Release|Win32.Build.0 = Release|Win32
		{C2F7E369-08BB-4C56-9C53-29AEBBC6ADF9}.Release|Win32.Deploy.0 = Release|Win32
		{C2F7E369-08BB-4C56-9C53-29AEBBC6ADF9}.Release|x64.ActiveCfg = Release|x64
		{C2F7E369-08BB-4C56-9C53-29AEBBC6ADF9}.Release|x64.Build.0 = Release|x64
		{C2F7E369-08BB-4C56-9C53-29AEBBC6ADF9}.Release|x64.Deploy.0 = Release|x64
		{D199EEEE-06F3-4318-B52C-4451DAF71F6B}.Debug|Win32.ActiveCfg = Debug|Win32
		{D199EEEE-06F3-4318-B52C-4451DAF71F6B}.Debug|Win32.Build.0 = Debug|Win32
		{D199EEEE-06F3-4318-B52C-4451DAF71F6B}.Debug|Win32.Deploy.0 = Debug|Win32
		{D199EEEE-06F3-4318-B52C-4451DAF71F6B}.Debug|x64.ActiveCfg = Debug|x64
		{D199EEEE-06F3-4318-B52C-4451DAF71F6B}.Debug|x64.Build.0 = Debug|x64
		{D199EEEE-06F3-4318-B52C-4451DAF71F6B}.Debug|x64.Deploy.0 = Debug|x64
		{D199EEEE-06F3-4318-B52C-4451DAF71F6B}.Release|Win32.ActiveCfg = Release|Win32
		{D199EEEE-06F3-4318-B52C-4451DAF71F6B}.Release|Win32.Build.0 = Release|Win32
		{D199EEEE-06F3-4318-B52C-4451DAF71F6B}.Release|Win32.Deploy.0 = Release|Win32
		{D199EEEE-06F3-4318-B52C-4451DAF71F6B}.Release|x64.ActiveCfg = Release|x64
		{D199EEEE-06F3-4318-B52C-4451DAF71F6B}.Release|x64.Build.0 = Release|x64
		{D199EEEE-06F3-4318-B52C-4451DAF71F6B}.Release|x64.Deploy.0 = Release|x64
		{C68CB3AD-0219-4075-947A-E87C5B849567}.Debug|Win32.ActiveCfg = Debug|Win32
		{C68CB3AD-0219-4075-947A-E87C5B849567}.Debug|Win32.Build.0 = Debug|Win32
		{C68CB3AD-0219-4075-947A-E87C5B849567}.Debug|Win32.Deploy.0 = Debug|Win32
		{C68CB3AD-0219-4075-947A-E87C5B849567}.Debug|x64.ActiveCfg = Debug|x64
		{C68CB3AD-0219-4075-947A-E87C5B849567}.Debug|x64.Build.0 = Debug|x64
		{C68CB3AD-0219-4075-947A-E87C5B849567}.Debug|x64.Deploy.0 = Debug|x64
		{C68CB3AD-0219-4075-947A-E87C5B849567}.Release|Win32.ActiveCfg = Release|Win32
		{C68CB3AD-0219-4075-947A-E87C5B849567}.Release|Win32.Build.0 = Release|Win32
		{C68CB3AD-0219-4075-947A-E87C5B849567}.Release|Win32.Deploy.0 = Release|Win32
		{C68CB3AD-0219-4075-947A-E87C5B849567}.Release|x64.ActiveCfg = Release|x64
		{C68CB3AD-0219-4075-947A-E87C5B849567}.Release|x64.Build.0 = Release|x64
		{C68CB3AD-0219-4075-947A-E87C5B849567}.Release|x64.Deploy.0 = Release|x64
		{F958A378-ADA4-4DDB-8A59-5D3156C017AD}.Debug|Win32.ActiveCfg = Debug|Win32
		{F958A378-ADA4-4DDB-8A59-5D3156C017AD}.Debug|Win32.Build.0 = Debug|Win32
		{F958A378-ADA4-4DDB-8A59-5D3156C017AD}.Debug|Win32.Deploy.0 = Debug|Win32
		{F958A378-ADA4-4DDB-8A59-5D3156C017AD}.Debug|x64.ActiveCfg = Debug|x64
		{F958A378-ADA4-4DDB-8A59-5D3156C017AD}.Debug|x64.Build.0 = Debug|x64
		{F958A378-ADA4-4DDB-8A59-5D3156C017AD}.Debug|x64.Deploy.0 = Debug|x64
		{F958A378-ADA4-4DDB-8A59-5D3156C017AD}.Release|Win32.ActiveCfg = Release|Win32
		{F958A378-ADA4-4DDB-8A59-5D3156C017AD}.Release|Win32.Build.0 = Release|Win32
		{F958A378-ADA4-4DDB-8A59-5D3156C017AD}.Release|Win32.Deploy.0 = Release|Win32
		{F958A378-ADA4-4DDB-8A59-5D3156C017AD}.Release|x64.ActiveCfg = Release|x64
		{F958A378-ADA4-4DDB-8A59-5D3156C017AD}.Release|x64.Build.0 = Release|x64
		{F958A378-ADA4-4DDB-8A59-5D3156C017AD}.Release|x64.Deploy.0 = Release|x64
		{E0599D17-03B3-4AB5-B1F5-E66D8893E629}.Debug|Win32.ActiveCfg = Debug|Win32
		{E0599D17-03B3-4AB5-B1F5-E66D8893E629}.Debug|Win32.Build.0 = Debug|Win32
		{E0599D17-03B3-4AB5-B1F5-E66D8893E629}.Debug|Win32.Deploy.0 = Debug|Win32
		{E0599D17-03B3-4AB5-B1F5-E66D8893E629}.Debug|x64.ActiveCfg = Debug|x64
		{E0599D17-03B3-4AB5-B1F5-E66D8893E629}.Debug|x64.Build.0 = Debug|x64
		{E0599D17-03B3-4AB5-B1F5-E66D8893E629}.Debug|x64.Deploy.0 = Debug|x64
		{E0599D17-03B3-4AB5-B1F5-E66D8893E629}.Release|Win32.ActiveCfg = Release|Win32
		{E0599D17-03B3-4AB5-B1F5-E66D8893E629}.Release|Win32.Build.0 = Release|Win32
		{E0599D17-03B3-4AB5-B1F5-E66D8893E629}.Release|Win32.Deploy.0 = Release|Win32
		{E0599D17-03B3-4AB5-B1F5-E66D8893E629}.Release|x64.ActiveCfg = Release|x64
		{E0599D17-03B3-4AB5-B1F5-E66D8893E629}.Release|x64.Build.0 = Release|x64
		{E0599D17-03B3-4AB5-B1F5-E66D8893E629}.Release|x64.Deploy.0 = Release|x64
		{B153A38E-6E4A-4BE7-B5CF-39EDC80AE6AB}.Debug|Win32.ActiveCfg = Debug|Win32
		{B153A38E-6E4A-4BE7-B5CF-39EDC80AE6AB}.Debug|Win32.Build.0 = Debug|Win32
		{B153A38E-6E4A-4BE7-B5CF-39EDC80AE6AB}.Debug|Win32.Deploy.0 = Debug|Win32
		{B153A38E-6E4A-4BE7-B5CF-39EDC80AE6AB}.Debug|x64.ActiveCfg = Debug|x64
		{B153A38E-6E4A-4BE7-B5CF-39EDC80AE6AB}.Debug|x64.Build.0 = Debug|x64
		{B153A38E-6E4A-4BE7-B5CF-39EDC80AE6AB}.Debug|x64.Deploy.0 = Debug|x64
		{B153A38E-6E4A-4BE7-B5CF-39EDC80AE6AB}.Release|Win32.ActiveCfg = Release|Win32
		{B153A38E-6E4A-4BE7-B5CF-39EDC80AE6AB}.Release|Win32.Build.0 = Release|Win32
		{B153A38E-6E4A-4BE7-B5CF-39EDC80AE6AB}.Release|Win32.Deploy.0 = Release|Win32
		{B153A38E-6E4A-4BE7-B5CF-39EDC80AE6AB}.Release|x64.ActiveCfg = Release|x64
		{B153A38E-6E4A-4BE7-B5CF-39EDC80AE6AB}.Release|x64.Build.0 = Release|x64
		{B153A38E-6E4A-4BE7-B5CF-39EDC80AE6AB}.Release|x64.Deploy.0 = Release|x64
		{C07FFA49-0B95-4501-A77B-9944FEEA6E6F}.Debug|Win32.ActiveCfg = Debug|Win32
		{C07FFA49-0B95-4501-A77B-9944FEEA6E6F}.Debug|Win32.Build.0 = Debug|Win32
		{C07FFA49-0B95-4501-A77B-9944FEEA6E6F}.Debug|Win32.Deploy.0 = Debug|Win32
		{C07FFA49-0B95-4501-A77B-9944FEEA6E6F}.Debug|x64.ActiveCfg = Debug|x64
		{C07FFA49-0B95-4501-A77B-9944FEEA6E6F}.Debug|x64.Build.0 = Debug|x64
		{C07FFA49-0B95-4501-A77B-9944FEEA6E6F}.Debug|x64.Deploy.0 = Debug|x64
		{C07FFA49-0B95-4501-A77B-9944FEEA6E6F}.Release|Win32.ActiveCfg = Release|Win32
		{C07FFA49-0B95-4501-A77B-9944FEEA6E6F}.Release|Win32.Build.0 = Release|Win32
		{C07FFA49-0B95-4501-A77B-9944FEEA6E6F}.Release|Win32.Deploy.0 = Release|Win32
		{C07FFA49-0B95-4501-A77B-9944FEEA6E6F}.Release|x64.ActiveCfg = Release|x64
		{C07FFA49-0B95-4501-A77B-9944FEEA6E6F}.Release|x64.Build.0 = Release|x64
		{C07FFA49-0B95-4501-A77B-9944FEEA6E6F}.Release|x64.Deploy.0 = Release|x64
		{EA797DDE-A4EE-44D6-9760-ADE6DC7CAC19}.Debug|Win32.ActiveCfg = Debug|Win32
		{EA797DDE-A4EE-44D6-9760-ADE6DC7CAC19}.Debug|Win32.Build.0 = Debug|Win32
		{EA797DDE-A4EE-44D6-9760-ADE6DC7CAC19}.Debug|Win32.Deploy.0 = Debug|Win32
		{EA797DDE-A4EE-44D6-9760-ADE6DC7CAC19}.Debug|x64.ActiveCfg = Debug|x64
		{EA797DDE-A4EE-44D6-9760-ADE6DC7CAC19}.Debug|x64.Build.0 = Debug|x64
		{EA797DDE-A4EE-44D6-9760-ADE6DC7CAC19}.Debug|x64.Deploy.0 = Debug|x64
		{EA797DDE-A4EE-44D6-9760-ADE6DC7CAC19}.Release|Win32.ActiveCfg = Release|Win32
		{EA797DDE-A4EE-44D6-9760-ADE6DC7CAC19}.Release|Win32.Build.0 = Release|Win32
		{EA797DDE-A4EE-44D6-9760-ADE6DC7CAC19}.Release|Win32.Deploy.0 = Release|Win32
		{EA797DDE-A4EE-44D6-9760-ADE6DC7CAC19}.Release|x64.ActiveCfg = Release|x64
		{EA797DDE-A4EE-44D6-9760-ADE6DC7CAC19}.Release|x64.Build.0 = Release|x64
		{EA797DDE-A4EE-44D6-9760-ADE6DC7CAC19}.Release|x64.Deploy.0 = Release|x64
		{D9C146EA-AC17-4B71-8F8A-AE00F0CD297B}.Debug|Win32.ActiveCfg = Debug|Win32
		{D9C146EA-AC17-4B71-8F8A-AE00F0CD297B}.Debug|Win32.Build.0 = Debug|Win32
		{D9C146EA-AC17-4B71-8F8A-AE00F0CD297B}.Debug|Win32.Deploy.0 = Debug|Win32
		{D9C146EA-AC17-4B71-8F8A-AE00F0CD297B}.Debug|x64.ActiveCfg = Debug|x64
		{D9C146EA-AC17-4B71-8F8A-AE00F0CD297B}.Debug|x64.Build.0 = Debug|x64
		{D9C146EA-AC17-4B71-8F8A-AE00F0CD297B}.Debug|x64.Deploy.0 = Debug|x64
		{D9C146EA-AC17-4B71-8F8A-AE00F0CD297B}.Release|Win32.ActiveCfg = Release|Win32
		{D9C146EA-AC17-4B71-8F8A-AE00F0CD297B}.Release|Win32.Build.0 = Release|Win32
		{D9C146EA-AC17-4B71-8F8A-AE00F0CD297B}.Release|Win32.Deploy.0 = Release|Win32
		{D9C146EA-AC17-4B71-8F8A-AE00F0CD297B}.Release|x64.ActiveCfg = Release|x64
		{D9C146EA-AC17-4B71-8F8A-AE00F0CD297B}.Release|x64.Build.0 = Release|x64
		{D9C146EA-AC17-4B71-8F8A-AE00F0CD297B}.Release|x64.Deploy.0 = Release|x64
		{9895C662-9E34-4391-9616-5A85CAD3F82D}.Debug|Win32.ActiveCfg = Debug|Win32
		{9895C662-9E34-4391-9616-5A85CAD3F82D}.Debug|Win32.Build.0 = Debug|Win32
		{9895C662-9E34-4391-9616-5A85CAD3F82D}.Debug|Win32.Deploy.0 = Debug|Win32
		{9895C662-9E34-4391-9616-5A85CAD3F82D}.Debug|x64.ActiveCfg = Debug|x64
		{9895C662-9E34-4391-9616-5A85CAD3F82D}.Debug|x64.Build.0 = Debug|x64
		{9895C662-9E34-4391-9616-5A85CAD3F82D}.Debug|x64.Deploy.0 = Debug|x64
		{9895C662-9E34-4391-9616-5A85CAD3F82D}.Release|Win32.ActiveCfg = Release|Win32
		{9895C662-9E34-4391-9616-5A85CAD3F82D}.Release|Win32.Build.0 = Release|Win32
		{9895C662-9E34-4391-9616-5A85CAD3F82D}.Release|Win32.Deploy.0 = Release|Win32
		{9895C662-9E34-4391-9616-5A85CAD3F82D}.Release|x64.ActiveCfg = Release|x64
		{9895C662-9E34-4391-9616-5A85CAD3F82D}.Release|x64.Build.0 = Release|x64
		{9895C662-9E34-4391-9616-5A85CAD3F82D}.Release|x64.Deploy.0 = Release|x64
		{FD6D4904-CC0D-4AD2-B8A6-6BE3CC48252D}.Debug|Win32.ActiveCfg = Debug|Win32
		{FD6D4904-CC0D-4AD2-B8A6-6BE3CC48252D}.Debug|Win32.Build.0 = Debug|Win32
		{FD6D4904-CC0D-4AD2-B8A6-6BE3CC48252D}.Debug|Win32.Deploy.0 = Debug|Win32
		{FD6D4904-CC0D-4AD2-B8A6-6BE3CC48252D}.Debug|x64.ActiveCfg = Debug|x64
		{FD6D4904-CC0D-4AD2-B8A6-6BE3CC48252D}.Debug|x64.Build.0 = Debug|x64
		{FD6D4904-CC0D-4AD2-B8A6-6BE3CC48252D}.Debug|x64.Deploy.0 = Debug|x64
		{FD6D4904-CC0D-4AD2-B8A6-6BE3CC48252D}.Release|Win32.ActiveCfg = Release|Win32
		{FD6D4904-CC0D-4AD2-B8A6-6BE3CC48252D}.Release|Win32.Build.0 = Release|Win32
		{FD6D4904-CC0D-4AD2-B8A6-6BE3CC48252D}.Release|Win32.Deploy.0 = Release|Win32
		{FD6D4904-CC0D-4AD2-B8A6-6BE3CC48252D}.Release|x64.ActiveCfg = Release|x64
		{FD6D4904-CC0D-4AD2-B8A6-6BE3CC48252D}.Release|x64.Build.0 = Release|x64
		{FD6D4904-CC0D-4AD2-B8A6-6BE3CC48252D}.Release|x64.Deploy.0 = Release|x64
		{961B7B32-951D-4A1C-8CD9-B611B961E332}.Debug|Win32.ActiveCfg = Debug|Win32
		{961B7B32-951D-4A1C-8CD9-B611B961E332}.Debug|Win32.Build.0 = Debug|Win32
		{961B7B32-951D-4A1C-8CD9-B611B961E332}.Debug|Win32.Deploy.0 = Debug|Win32
		{961B7B32-951D-4A1C-8CD9-B611B961E332}.Debug|x64.ActiveCfg = Debug|x64
		{961B7B32-951D-4A1C-8CD9-B611B961E332}.Debug|x64.Build.0 = Debug|x64
		{961B7B32-951D-4A1C-8CD9-B611B961E332}.Debug|x64.Deploy.0 = Debug|x64
		{961B7B32-951D-4A1C-8CD9-B611B961E332}.Release|Win32.ActiveCfg = Release|Win32
		{961B7B32-951D-4A1C-8CD9-B611B961E332}.Release|Win32.Build.0 = Release|Win32
		{961B7B32-951D-4A1C-8CD9-B611B961E332}.Release|Win32.Deploy.0 = Release|Win32
		{961B7B32-951D-4A1C-8CD9-B611B961E332}.Release|x64.ActiveCfg = Release|x64
		{961B7B32-951D-4A1C-8CD9-B611B961E332}.Release|x64.Build.0 = Release|x64
		{961B7B32-951D-4A1C-8CD9-B611B961E332}.Release|x64.Deploy.0 = Release|x64
		{42E97600-3AEC-4DBB-976E-DA033629EB9B}.Debug|Win32.ActiveCfg = Debug|Win32
		{42E97600-3AEC-4DBB-976E-DA033629EB9B}.Debug|Win32.Build.0 = Debug|Win32
		{42E97600-3AEC-4DBB-976E-DA033629EB9B}.Debug|Win32.Deploy.0 = Debug|Win32
		{42E97600-3AEC-4DBB-976E-DA033629EB9B}.Debug|x64.ActiveCfg = Debug|x64
		{42E97600-3AEC-4DBB-976E-DA033629EB9B}.Debug|x64.Build.0 = Debug|x64
		{42E97600-3AEC-4DBB-976E-DA033629EB9B}.Debug|x64.Deploy.0 = Debug|x64
		{42E97600-3AEC-4DBB-976E-DA033629EB9B}.Release|Win32.ActiveCfg = Release|Win32
		{42E97600-3AEC-4DBB-976E-DA033629EB9B}.Release|Win32.Build.0 = Release|Win32
		{42E97600-3AEC-4DBB-976E-DA033629EB9B}.Release|Win32.Deploy.0 = Release|Win32
		{42E97600-3AEC-4DBB-976E-DA033629EB9B}.Release|x64.ActiveCfg = Release|x64
		{42E97600-3AEC-4DBB-976E-DA033629EB9B}.Release|x64.Build.0 = Release|x64
		{42E97600-3AEC-4DBB-976E-DA033629EB9B}.Release|x64.Deploy.0 = Release|x64
	EndGlobalSection
	GlobalSection(SolutionProperties) = preSolution
		HideSolutionNode = FALSE
	EndGlobalSection
EndGlobal
