
Microsoft Visual Studio Solution File, Format Version 11.00
# Visual Studio 2012
Project("{8BC9CEB8-8B4A-11D0-8D11-00A0C91BC942}") = "3d", "3d.vcxproj", "{1EAFEE7E-CE02-4B4B-BC6C-90FEBC0214C4}"
EndProject
Project("{8BC9CEB8-8B4A-11D0-8D11-00A0C91BC942}") = "event_parameter", "event_parameter.vcxproj", "{427A6DA7-2A8E-4087-BAC7-961CDD6C03C8}"
EndProject
Project("{8BC9CEB8-8B4A-11D0-8D11-00A0C91BC942}") = "load_banks", "load_banks.vcxproj", "{BE967BFB-3C8A-40A1-869A-1A3F823D8984}"
EndProject
Project("{8BC9CEB8-8B4A-11D0-8D11-00A0C91BC942}") = "music_callbacks", "music_callbacks.vcxproj", "{36D41448-038D-4BBC-8A70-429AA92EFF3B}"
EndProject
Project("{8BC9CEB8-8B4A-11D0-8D11-00A0C91BC942}") = "objectpan", "objectpan.vcxproj", "{F3BE376E-97AF-4FF3-9974-CF923AA72635}"
EndProject
Project("{8BC9CEB8-8B4A-11D0-8D11-00A0C91BC942}") = "programmer_sound", "programmer_sound.vcxproj", "{F4F99F95-55B9-4636-BDB1-1AD88D88495F}"
EndProject
Project("{8BC9CEB8-8B4A-11D0-8D11-00A0C91BC942}") = "recording_playback", "recording_playback.vcxproj", "{D0E7A344-4EBE-48DA-94B0-D25103562912}"
EndProject
Project("{8BC9CEB8-8B4A-11D0-8D11-00A0C91BC942}") = "simple_event", "simple_event.vcxproj", "{FA9D905F-3F07-4376-8B9B-2818608506BD}"
EndProject
Global
	GlobalSection(SolutionConfigurationPlatforms) = preSolution
		Debug|Win32 = Debug|Win32
		Debug|x64 = Debug|x64
		Release|Win32 = Release|Win32
		Release|x64 = Release|x64
	EndGlobalSection
	GlobalSection(ProjectConfigurationPlatforms) = postSolution
		{1EAFEE7E-CE02-4B4B-BC6C-90FEBC0214C4}.Debug|Win32.ActiveCfg = Debug|Win32
		{1EAFEE7E-CE02-4B4B-BC6C-90FEBC0214C4}.Debug|Win32.Build.0 = Debug|Win32
		{1EAFEE7E-CE02-4B4B-BC6C-90FEBC0214C4}.Debug|Win32.Deploy.0 = Debug|Win32
		{1EAFEE7E-CE02-4B4B-BC6C-90FEBC0214C4}.Debug|x64.ActiveCfg = Debug|x64
		{1EAFEE7E-CE02-4B4B-BC6C-90FEBC0214C4}.Debug|x64.Build.0 = Debug|x64
		{1EAFEE7E-CE02-4B4B-BC6C-90FEBC0214C4}.Debug|x64.Deploy.0 = Debug|x64
		{1EAFEE7E-CE02-4B4B-BC6C-90FEBC0214C4}.Release|Win32.ActiveCfg = Release|Win32
		{1EAFEE7E-CE02-4B4B-BC6C-90FEBC0214C4}.Release|Win32.Build.0 = Release|Win32
		{1EAFEE7E-CE02-4B4B-BC6C-90FEBC0214C4}.Release|Win32.Deploy.0 = Release|Win32
		{1EAFEE7E-CE02-4B4B-BC6C-90FEBC0214C4}.Release|x64.ActiveCfg = Release|x64
		{1EAFEE7E-CE02-4B4B-BC6C-90FEBC0214C4}.Release|x64.Build.0 = Release|x64
		{1EAFEE7E-CE02-4B4B-BC6C-90FEBC0214C4}.Release|x64.Deploy.0 = Release|x64
		{427A6DA7-2A8E-4087-BAC7-961CDD6C03C8}.Debug|Win32.ActiveCfg = Debug|Win32
		{427A6DA7-2A8E-4087-BAC7-961CDD6C03C8}.Debug|Win32.Build.0 = Debug|Win32
		{427A6DA7-2A8E-4087-BAC7-961CDD6C03C8}.Debug|Win32.Deploy.0 = Debug|Win32
		{427A6DA7-2A8E-4087-BAC7-961CDD6C03C8}.Debug|x64.ActiveCfg = Debug|x64
		{427A6DA7-2A8E-4087-BAC7-961CDD6C03C8}.Debug|x64.Build.0 = Debug|x64
		{427A6DA7-2A8E-4087-BAC7-961CDD6C03C8}.Debug|x64.Deploy.0 = Debug|x64
		{427A6DA7-2A8E-4087-BAC7-961CDD6C03C8}.Release|Win32.ActiveCfg = Release|Win32
		{427A6DA7-2A8E-4087-BAC7-961CDD6C03C8}.Release|Win32.Build.0 = Release|Win32
		{427A6DA7-2A8E-4087-BAC7-961CDD6C03C8}.Release|Win32.Deploy.0 = Release|Win32
		{427A6DA7-2A8E-4087-BAC7-961CDD6C03C8}.Release|x64.ActiveCfg = Release|x64
		{427A6DA7-2A8E-4087-BAC7-961CDD6C03C8}.Release|x64.Build.0 = Release|x64
		{427A6DA7-2A8E-4087-BAC7-961CDD6C03C8}.Release|x64.Deploy.0 = Release|x64
		{BE967BFB-3C8A-40A1-869A-1A3F823D8984}.Debug|Win32.ActiveCfg = Debug|Win32
		{BE967BFB-3C8A-40A1-869A-1A3F823D8984}.Debug|Win32.Build.0 = Debug|Win32
		{BE967BFB-3C8A-40A1-869A-1A3F823D8984}.Debug|Win32.Deploy.0 = Debug|Win32
		{BE967BFB-3C8A-40A1-869A-1A3F823D8984}.Debug|x64.ActiveCfg = Debug|x64
		{BE967BFB-3C8A-40A1-869A-1A3F823D8984}.Debug|x64.Build.0 = Debug|x64
		{BE967BFB-3C8A-40A1-869A-1A3F823D8984}.Debug|x64.Deploy.0 = Debug|x64
		{BE967BFB-3C8A-40A1-869A-1A3F823D8984}.Release|Win32.ActiveCfg = Release|Win32
		{BE967BFB-3C8A-40A1-869A-1A3F823D8984}.Release|Win32.Build.0 = Release|Win32
		{BE967BFB-3C8A-40A1-869A-1A3F823D8984}.Release|Win32.Deploy.0 = Release|Win32
		{BE967BFB-3C8A-40A1-869A-1A3F823D8984}.Release|x64.ActiveCfg = Release|x64
		{BE967BFB-3C8A-40A1-869A-1A3F823D8984}.Release|x64.Build.0 = Release|x64
		{BE967BFB-3C8A-40A1-869A-1A3F823D8984}.Release|x64.Deploy.0 = Release|x64
		{36D41448-038D-4BBC-8A70-429AA92EFF3B}.Debug|Win32.ActiveCfg = Debug|Win32
		{36D41448-038D-4BBC-8A70-429AA92EFF3B}.Debug|Win32.Build.0 = Debug|Win32
		{36D41448-038D-4BBC-8A70-429AA92EFF3B}.Debug|Win32.Deploy.0 = Debug|Win32
		{36D41448-038D-4BBC-8A70-429AA92EFF3B}.Debug|x64.ActiveCfg = Debug|x64
		{36D41448-038D-4BBC-8A70-429AA92EFF3B}.Debug|x64.Build.0 = Debug|x64
		{36D41448-038D-4BBC-8A70-429AA92EFF3B}.Debug|x64.Deploy.0 = Debug|x64
		{36D41448-038D-4BBC-8A70-429AA92EFF3B}.Release|Win32.ActiveCfg = Release|Win32
		{36D41448-038D-4BBC-8A70-429AA92EFF3B}.Release|Win32.Build.0 = Release|Win32
		{36D41448-038D-4BBC-8A70-429AA92EFF3B}.Release|Win32.Deploy.0 = Release|Win32
		{36D41448-038D-4BBC-8A70-429AA92EFF3B}.Release|x64.ActiveCfg = Release|x64
		{36D41448-038D-4BBC-8A70-429AA92EFF3B}.Release|x64.Build.0 = Release|x64
		{36D41448-038D-4BBC-8A70-429AA92EFF3B}.Release|x64.Deploy.0 = Release|x64
		{F3BE376E-97AF-4FF3-9974-CF923AA72635}.Debug|Win32.ActiveCfg = Debug|Win32
		{F3BE376E-97AF-4FF3-9974-CF923AA72635}.Debug|Win32.Build.0 = Debug|Win32
		{F3BE376E-97AF-4FF3-9974-CF923AA72635}.Debug|Win32.Deploy.0 = Debug|Win32
		{F3BE376E-97AF-4FF3-9974-CF923AA72635}.Debug|x64.ActiveCfg = Debug|x64
		{F3BE376E-97AF-4FF3-9974-CF923AA72635}.Debug|x64.Build.0 = Debug|x64
		{F3BE376E-97AF-4FF3-9974-CF923AA72635}.Debug|x64.Deploy.0 = Debug|x64
		{F3BE376E-97AF-4FF3-9974-CF923AA72635}.Release|Win32.ActiveCfg = Release|Win32
		{F3BE376E-97AF-4FF3-9974-CF923AA72635}.Release|Win32.Build.0 = Release|Win32
		{F3BE376E-97AF-4FF3-9974-CF923AA72635}.Release|Win32.Deploy.0 = Release|Win32
		{F3BE376E-97AF-4FF3-9974-CF923AA72635}.Release|x64.ActiveCfg = Release|x64
		{F3BE376E-97AF-4FF3-9974-CF923AA72635}.Release|x64.Build.0 = Release|x64
		{F3BE376E-97AF-4FF3-9974-CF923AA72635}.Release|x64.Deploy.0 = Release|x64
		{F4F99F95-55B9-4636-BDB1-1AD88D88495F}.Debug|Win32.ActiveCfg = Debug|Win32
		{F4F99F95-55B9-4636-BDB1-1AD88D88495F}.Debug|Win32.Build.0 = Debug|Win32
		{F4F99F95-55B9-4636-BDB1-1AD88D88495F}.Debug|Win32.Deploy.0 = Debug|Win32
		{F4F99F95-55B9-4636-BDB1-1AD88D88495F}.Debug|x64.ActiveCfg = Debug|x64
		{F4F99F95-55B9-4636-BDB1-1AD88D88495F}.Debug|x64.Build.0 = Debug|x64
		{F4F99F95-55B9-4636-BDB1-1AD88D88495F}.Debug|x64.Deploy.0 = Debug|x64
		{F4F99F95-55B9-4636-BDB1-1AD88D88495F}.Release|Win32.ActiveCfg = Release|Win32
		{F4F99F95-55B9-4636-BDB1-1AD88D88495F}.Release|Win32.Build.0 = Release|Win32
		{F4F99F95-55B9-4636-BDB1-1AD88D88495F}.Release|Win32.Deploy.0 = Release|Win32
		{F4F99F95-55B9-4636-BDB1-1AD88D88495F}.Release|x64.ActiveCfg = Release|x64
		{F4F99F95-55B9-4636-BDB1-1AD88D88495F}.Release|x64.Build.0 = Release|x64
		{F4F99F95-55B9-4636-BDB1-1AD88D88495F}.Release|x64.Deploy.0 = Release|x64
		{D0E7A344-4EBE-48DA-94B0-D25103562912}.Debug|Win32.ActiveCfg = Debug|Win32
		{D0E7A344-4EBE-48DA-94B0-D25103562912}.Debug|Win32.Build.0 = Debug|Win32
		{D0E7A344-4EBE-48DA-94B0-D25103562912}.Debug|Win32.Deploy.0 = Debug|Win32
		{D0E7A344-4EBE-48DA-94B0-D25103562912}.Debug|x64.ActiveCfg = Debug|x64
		{D0E7A344-4EBE-48DA-94B0-D25103562912}.Debug|x64.Build.0 = Debug|x64
		{D0E7A344-4EBE-48DA-94B0-D25103562912}.Debug|x64.Deploy.0 = Debug|x64
		{D0E7A344-4EBE-48DA-94B0-D25103562912}.Release|Win32.ActiveCfg = Release|Win32
		{D0E7A344-4EBE-48DA-94B0-D25103562912}.Release|Win32.Build.0 = Release|Win32
		{D0E7A344-4EBE-48DA-94B0-D25103562912}.Release|Win32.Deploy.0 = Release|Win32
		{D0E7A344-4EBE-48DA-94B0-D25103562912}.Release|x64.ActiveCfg = Release|x64
		{D0E7A344-4EBE-48DA-94B0-D25103562912}.Release|x64.Build.0 = Release|x64
		{D0E7A344-4EBE-48DA-94B0-D25103562912}.Release|x64.Deploy.0 = Release|x64
		{FA9D905F-3F07-4376-8B9B-2818608506BD}.Debug|Win32.ActiveCfg = Debug|Win32
		{FA9D905F-3F07-4376-8B9B-2818608506BD}.Debug|Win32.Build.0 = Debug|Win32
		{FA9D905F-3F07-4376-8B9B-2818608506BD}.Debug|Win32.Deploy.0 = Debug|Win32
		{FA9D905F-3F07-4376-8B9B-2818608506BD}.Debug|x64.ActiveCfg = Debug|x64
		{FA9D905F-3F07-4376-8B9B-2818608506BD}.Debug|x64.Build.0 = Debug|x64
		{FA9D905F-3F07-4376-8B9B-2818608506BD}.Debug|x64.Deploy.0 = Debug|x64
		{FA9D905F-3F07-4376-8B9B-2818608506BD}.Release|Win32.ActiveCfg = Release|Win32
		{FA9D905F-3F07-4376-8B9B-2818608506BD}.Release|Win32.Build.0 = Release|Win32
		{FA9D905F-3F07-4376-8B9B-2818608506BD}.Release|Win32.Deploy.0 = Release|Win32
		{FA9D905F-3F07-4376-8B9B-2818608506BD}.Release|x64.ActiveCfg = Release|x64
		{FA9D905F-3F07-4376-8B9B-2818608506BD}.Release|x64.Build.0 = Release|x64
		{FA9D905F-3F07-4376-8B9B-2818608506BD}.Release|x64.Deploy.0 = Release|x64
	EndGlobalSection
	GlobalSection(SolutionProperties) = preSolution
		HideSolutionNode = FALSE
	EndGlobalSection
EndGlobal
